
Microsoft Visual Studio Solution File, Format Version 12.00
# Visual Studio 14
VisualStudioVersion = 14.0.25420.1
MinimumVisualStudioVersion = 10.0.40219.1
Project("{FAE04EC0-301F-11D3-BF4B-00C04F79EFBC}") = "HelloWorld.Droid", "HelloWorld\HelloWorld.Droid\HelloWorld.Droid.csproj", "{D017A341-3DEF-4BA0-9D31-3A78C9BDFB27}"
EndProject
Project("{FAE04EC0-301F-11D3-BF4B-00C04F79EFBC}") = "HelloWorld.iOS", "HelloWorld\HelloWorld.iOS\HelloWorld.iOS.csproj", "{CE9DE814-CD6C-45FA-90DC-3EBAA377E8F2}"
EndProject
Project("{FAE04EC0-301F-11D3-BF4B-00C04F79EFBC}") = "HelloWorld", "HelloWorld\HelloWorld\HelloWorld.csproj", "{8C2EAB5D-AD1F-45F5-817B-80FF9F81E69B}"
EndProject
Global
	GlobalSection(SolutionConfigurationPlatforms) = preSolution
		Ad-Hoc|Any CPU = Ad-Hoc|Any CPU
		Ad-Hoc|ARM = Ad-Hoc|ARM
		Ad-Hoc|iPhone = Ad-Hoc|iPhone
		Ad-Hoc|iPhoneSimulator = Ad-Hoc|iPhoneSimulator
		Ad-Hoc|x64 = Ad-Hoc|x64
		Ad-Hoc|x86 = Ad-Hoc|x86
		AppStore|Any CPU = AppStore|Any CPU
		AppStore|ARM = AppStore|ARM
		AppStore|iPhone = AppStore|iPhone
		AppStore|iPhoneSimulator = AppStore|iPhoneSimulator
		AppStore|x64 = AppStore|x64
		AppStore|x86 = AppStore|x86
		Debug|Any CPU = Debug|Any CPU
		Debug|ARM = Debug|ARM
		Debug|iPhone = Debug|iPhone
		Debug|iPhoneSimulator = Debug|iPhoneSimulator
		Debug|x64 = Debug|x64
		Debug|x86 = Debug|x86
		Release|Any CPU = Release|Any CPU
		Release|ARM = Release|ARM
		Release|iPhone = Release|iPhone
		Release|iPhoneSimulator = Release|iPhoneSimulator
		Release|x64 = Release|x64
		Release|x86 = Release|x86
	EndGlobalSection
	GlobalSection(ProjectConfigurationPlatforms) = postSolution
		{D017A341-3DEF-4BA0-9D31-3A78C9BDFB27}.Ad-Hoc|Any CPU.ActiveCfg = Release|Any CPU
		{D017A341-3DEF-4BA0-9D31-3A78C9BDFB27}.Ad-Hoc|Any CPU.Build.0 = Release|Any CPU
		{D017A341-3DEF-4BA0-9D31-3A78C9BDFB27}.Ad-Hoc|Any CPU.Deploy.0 = Release|Any CPU
		{D017A341-3DEF-4BA0-9D31-3A78C9BDFB27}.Ad-Hoc|ARM.ActiveCfg = Release|Any CPU
		{D017A341-3DEF-4BA0-9D31-3A78C9BDFB27}.Ad-Hoc|ARM.Build.0 = Release|Any CPU
		{D017A341-3DEF-4BA0-9D31-3A78C9BDFB27}.Ad-Hoc|ARM.Deploy.0 = Release|Any CPU
		{D017A341-3DEF-4BA0-9D31-3A78C9BDFB27}.Ad-Hoc|iPhone.ActiveCfg = Release|Any CPU
		{D017A341-3DEF-4BA0-9D31-3A78C9BDFB27}.Ad-Hoc|iPhone.Build.0 = Release|Any CPU
		{D017A341-3DEF-4BA0-9D31-3A78C9BDFB27}.Ad-Hoc|iPhone.Deploy.0 = Release|Any CPU
		{D017A341-3DEF-4BA0-9D31-3A78C9BDFB27}.Ad-Hoc|iPhoneSimulator.ActiveCfg = Release|Any CPU
		{D017A341-3DEF-4BA0-9D31-3A78C9BDFB27}.Ad-Hoc|iPhoneSimulator.Build.0 = Release|Any CPU
		{D017A341-3DEF-4BA0-9D31-3A78C9BDFB27}.Ad-Hoc|iPhoneSimulator.Deploy.0 = Release|Any CPU
		{D017A341-3DEF-4BA0-9D31-3A78C9BDFB27}.Ad-Hoc|x64.ActiveCfg = Release|Any CPU
		{D017A341-3DEF-4BA0-9D31-3A78C9BDFB27}.Ad-Hoc|x64.Build.0 = Release|Any CPU
		{D017A341-3DEF-4BA0-9D31-3A78C9BDFB27}.Ad-Hoc|x64.Deploy.0 = Release|Any CPU
		{D017A341-3DEF-4BA0-9D31-3A78C9BDFB27}.Ad-Hoc|x86.ActiveCfg = Release|Any CPU
		{D017A341-3DEF-4BA0-9D31-3A78C9BDFB27}.Ad-Hoc|x86.Build.0 = Release|Any CPU
		{D017A341-3DEF-4BA0-9D31-3A78C9BDFB27}.Ad-Hoc|x86.Deploy.0 = Release|Any CPU
		{D017A341-3DEF-4BA0-9D31-3A78C9BDFB27}.AppStore|Any CPU.ActiveCfg = Release|Any CPU
		{D017A341-3DEF-4BA0-9D31-3A78C9BDFB27}.AppStore|Any CPU.Build.0 = Release|Any CPU
		{D017A341-3DEF-4BA0-9D31-3A78C9BDFB27}.AppStore|Any CPU.Deploy.0 = Release|Any CPU
		{D017A341-3DEF-4BA0-9D31-3A78C9BDFB27}.AppStore|ARM.ActiveCfg = Release|Any CPU
		{D017A341-3DEF-4BA0-9D31-3A78C9BDFB27}.AppStore|ARM.Build.0 = Release|Any CPU
		{D017A341-3DEF-4BA0-9D31-3A78C9BDFB27}.AppStore|ARM.Deploy.0 = Release|Any CPU
		{D017A341-3DEF-4BA0-9D31-3A78C9BDFB27}.AppStore|iPhone.ActiveCfg = Release|Any CPU
		{D017A341-3DEF-4BA0-9D31-3A78C9BDFB27}.AppStore|iPhone.Build.0 = Release|Any CPU
		{D017A341-3DEF-4BA0-9D31-3A78C9BDFB27}.AppStore|iPhone.Deploy.0 = Release|Any CPU
		{D017A341-3DEF-4BA0-9D31-3A78C9BDFB27}.AppStore|iPhoneSimulator.ActiveCfg = Release|Any CPU
		{D017A341-3DEF-4BA0-9D31-3A78C9BDFB27}.AppStore|iPhoneSimulator.Build.0 = Release|Any CPU
		{D017A341-3DEF-4BA0-9D31-3A78C9BDFB27}.AppStore|iPhoneSimulator.Deploy.0 = Release|Any CPU
		{D017A341-3DEF-4BA0-9D31-3A78C9BDFB27}.AppStore|x64.ActiveCfg = Release|Any CPU
		{D017A341-3DEF-4BA0-9D31-3A78C9BDFB27}.AppStore|x64.Build.0 = Release|Any CPU
		{D017A341-3DEF-4BA0-9D31-3A78C9BDFB27}.AppStore|x64.Deploy.0 = Release|Any CPU
		{D017A341-3DEF-4BA0-9D31-3A78C9BDFB27}.AppStore|x86.ActiveCfg = Release|Any CPU
		{D017A341-3DEF-4BA0-9D31-3A78C9BDFB27}.AppStore|x86.Build.0 = Release|Any CPU
		{D017A341-3DEF-4BA0-9D31-3A78C9BDFB27}.AppStore|x86.Deploy.0 = Release|Any CPU
		{D017A341-3DEF-4BA0-9D31-3A78C9BDFB27}.Debug|Any CPU.ActiveCfg = Debug|Any CPU
		{D017A341-3DEF-4BA0-9D31-3A78C9BDFB27}.Debug|Any CPU.Build.0 = Debug|Any CPU
		{D017A341-3DEF-4BA0-9D31-3A78C9BDFB27}.Debug|Any CPU.Deploy.0 = Debug|Any CPU
		{D017A341-3DEF-4BA0-9D31-3A78C9BDFB27}.Debug|ARM.ActiveCfg = Debug|Any CPU
		{D017A341-3DEF-4BA0-9D31-3A78C9BDFB27}.Debug|ARM.Build.0 = Debug|Any CPU
		{D017A341-3DEF-4BA0-9D31-3A78C9BDFB27}.Debug|ARM.Deploy.0 = Debug|Any CPU
		{D017A341-3DEF-4BA0-9D31-3A78C9BDFB27}.Debug|iPhone.ActiveCfg = Debug|Any CPU
		{D017A341-3DEF-4BA0-9D31-3A78C9BDFB27}.Debug|iPhone.Build.0 = Debug|Any CPU
		{D017A341-3DEF-4BA0-9D31-3A78C9BDFB27}.Debug|iPhone.Deploy.0 = Debug|Any CPU
		{D017A341-3DEF-4BA0-9D31-3A78C9BDFB27}.Debug|iPhoneSimulator.ActiveCfg = Debug|Any CPU
		{D017A341-3DEF-4BA0-9D31-3A78C9BDFB27}.Debug|iPhoneSimulator.Build.0 = Debug|Any CPU
		{D017A341-3DEF-4BA0-9D31-3A78C9BDFB27}.Debug|iPhoneSimulator.Deploy.0 = Debug|Any CPU
		{D017A341-3DEF-4BA0-9D31-3A78C9BDFB27}.Debug|x64.ActiveCfg = Debug|Any CPU
		{D017A341-3DEF-4BA0-9D31-3A78C9BDFB27}.Debug|x64.Build.0 = Debug|Any CPU
		{D017A341-3DEF-4BA0-9D31-3A78C9BDFB27}.Debug|x64.Deploy.0 = Debug|Any CPU
		{D017A341-3DEF-4BA0-9D31-3A78C9BDFB27}.Debug|x86.ActiveCfg = Debug|Any CPU
		{D017A341-3DEF-4BA0-9D31-3A78C9BDFB27}.Debug|x86.Build.0 = Debug|Any CPU
		{D017A341-3DEF-4BA0-9D31-3A78C9BDFB27}.Debug|x86.Deploy.0 = Debug|Any CPU
		{D017A341-3DEF-4BA0-9D31-3A78C9BDFB27}.Release|Any CPU.ActiveCfg = Release|Any CPU
		{D017A341-3DEF-4BA0-9D31-3A78C9BDFB27}.Release|Any CPU.Build.0 = Release|Any CPU
		{D017A341-3DEF-4BA0-9D31-3A78C9BDFB27}.Release|Any CPU.Deploy.0 = Release|Any CPU
		{D017A341-3DEF-4BA0-9D31-3A78C9BDFB27}.Release|ARM.ActiveCfg = Release|Any CPU
		{D017A341-3DEF-4BA0-9D31-3A78C9BDFB27}.Release|ARM.Build.0 = Release|Any CPU
		{D017A341-3DEF-4BA0-9D31-3A78C9BDFB27}.Release|ARM.Deploy.0 = Release|Any CPU
		{D017A341-3DEF-4BA0-9D31-3A78C9BDFB27}.Release|iPhone.ActiveCfg = Release|Any CPU
		{D017A341-3DEF-4BA0-9D31-3A78C9BDFB27}.Release|iPhone.Build.0 = Release|Any CPU
		{D017A341-3DEF-4BA0-9D31-3A78C9BDFB27}.Release|iPhone.Deploy.0 = Release|Any CPU
		{D017A341-3DEF-4BA0-9D31-3A78C9BDFB27}.Release|iPhoneSimulator.ActiveCfg = Release|Any CPU
		{D017A341-3DEF-4BA0-9D31-3A78C9BDFB27}.Release|iPhoneSimulator.Build.0 = Release|Any CPU
		{D017A341-3DEF-4BA0-9D31-3A78C9BDFB27}.Release|iPhoneSimulator.Deploy.0 = Release|Any CPU
		{D017A341-3DEF-4BA0-9D31-3A78C9BDFB27}.Release|x64.ActiveCfg = Release|Any CPU
		{D017A341-3DEF-4BA0-9D31-3A78C9BDFB27}.Release|x64.Build.0 = Release|Any CPU
		{D017A341-3DEF-4BA0-9D31-3A78C9BDFB27}.Release|x64.Deploy.0 = Release|Any CPU
		{D017A341-3DEF-4BA0-9D31-3A78C9BDFB27}.Release|x86.ActiveCfg = Release|Any CPU
		{D017A341-3DEF-4BA0-9D31-3A78C9BDFB27}.Release|x86.Build.0 = Release|Any CPU
		{D017A341-3DEF-4BA0-9D31-3A78C9BDFB27}.Release|x86.Deploy.0 = Release|Any CPU
		{CE9DE814-CD6C-45FA-90DC-3EBAA377E8F2}.Ad-Hoc|Any CPU.ActiveCfg = Ad-Hoc|iPhone
		{CE9DE814-CD6C-45FA-90DC-3EBAA377E8F2}.Ad-Hoc|ARM.ActiveCfg = Ad-Hoc|iPhone
		{CE9DE814-CD6C-45FA-90DC-3EBAA377E8F2}.Ad-Hoc|iPhone.ActiveCfg = Ad-Hoc|iPhone
		{CE9DE814-CD6C-45FA-90DC-3EBAA377E8F2}.Ad-Hoc|iPhone.Build.0 = Ad-Hoc|iPhone
		{CE9DE814-CD6C-45FA-90DC-3EBAA377E8F2}.Ad-Hoc|iPhoneSimulator.ActiveCfg = Ad-Hoc|iPhoneSimulator
		{CE9DE814-CD6C-45FA-90DC-3EBAA377E8F2}.Ad-Hoc|iPhoneSimulator.Build.0 = Ad-Hoc|iPhoneSimulator
		{CE9DE814-CD6C-45FA-90DC-3EBAA377E8F2}.Ad-Hoc|x64.ActiveCfg = Ad-Hoc|iPhone
		{CE9DE814-CD6C-45FA-90DC-3EBAA377E8F2}.Ad-Hoc|x86.ActiveCfg = Ad-Hoc|iPhone
		{CE9DE814-CD6C-45FA-90DC-3EBAA377E8F2}.AppStore|Any CPU.ActiveCfg = AppStore|iPhone
		{CE9DE814-CD6C-45FA-90DC-3EBAA377E8F2}.AppStore|ARM.ActiveCfg = AppStore|iPhone
		{CE9DE814-CD6C-45FA-90DC-3EBAA377E8F2}.AppStore|iPhone.ActiveCfg = AppStore|iPhone
		{CE9DE814-CD6C-45FA-90DC-3EBAA377E8F2}.AppStore|iPhone.Build.0 = AppStore|iPhone
		{CE9DE814-CD6C-45FA-90DC-3EBAA377E8F2}.AppStore|iPhoneSimulator.ActiveCfg = AppStore|iPhoneSimulator
		{CE9DE814-CD6C-45FA-90DC-3EBAA377E8F2}.AppStore|iPhoneSimulator.Build.0 = AppStore|iPhoneSimulator
		{CE9DE814-CD6C-45FA-90DC-3EBAA377E8F2}.AppStore|x64.ActiveCfg = AppStore|iPhone
		{CE9DE814-CD6C-45FA-90DC-3EBAA377E8F2}.AppStore|x86.ActiveCfg = AppStore|iPhone
		{CE9DE814-CD6C-45FA-90DC-3EBAA377E8F2}.Debug|Any CPU.ActiveCfg = Debug|iPhone
		{CE9DE814-CD6C-45FA-90DC-3EBAA377E8F2}.Debug|ARM.ActiveCfg = Debug|iPhone
		{CE9DE814-CD6C-45FA-90DC-3EBAA377E8F2}.Debug|iPhone.ActiveCfg = Debug|iPhone
		{CE9DE814-CD6C-45FA-90DC-3EBAA377E8F2}.Debug|iPhone.Build.0 = Debug|iPhone
		{CE9DE814-CD6C-45FA-90DC-3EBAA377E8F2}.Debug|iPhoneSimulator.ActiveCfg = Debug|iPhoneSimulator
		{CE9DE814-CD6C-45FA-90DC-3EBAA377E8F2}.Debug|iPhoneSimulator.Build.0 = Debug|iPhoneSimulator
		{CE9DE814-CD6C-45FA-90DC-3EBAA377E8F2}.Debug|x64.ActiveCfg = Debug|iPhone
		{CE9DE814-CD6C-45FA-90DC-3EBAA377E8F2}.Debug|x86.ActiveCfg = Debug|iPhone
		{CE9DE814-CD6C-45FA-90DC-3EBAA377E8F2}.Release|Any CPU.ActiveCfg = Release|iPhone
		{CE9DE814-CD6C-45FA-90DC-3EBAA377E8F2}.Release|ARM.ActiveCfg = Release|iPhone
		{CE9DE814-CD6C-45FA-90DC-3EBAA377E8F2}.Release|iPhone.ActiveCfg = Release|iPhone
		{CE9DE814-CD6C-45FA-90DC-3EBAA377E8F2}.Release|iPhone.Build.0 = Release|iPhone
		{CE9DE814-CD6C-45FA-90DC-3EBAA377E8F2}.Release|iPhoneSimulator.ActiveCfg = Release|iPhoneSimulator
		{CE9DE814-CD6C-45FA-90DC-3EBAA377E8F2}.Release|iPhoneSimulator.Build.0 = Release|iPhoneSimulator
		{CE9DE814-CD6C-45FA-90DC-3EBAA377E8F2}.Release|x64.ActiveCfg = Release|iPhone
		{CE9DE814-CD6C-45FA-90DC-3EBAA377E8F2}.Release|x86.ActiveCfg = Release|iPhone
		{8C2EAB5D-AD1F-45F5-817B-80FF9F81E69B}.Ad-Hoc|Any CPU.ActiveCfg = Release|Any CPU
		{8C2EAB5D-AD1F-45F5-817B-80FF9F81E69B}.Ad-Hoc|Any CPU.Build.0 = Release|Any CPU
		{8C2EAB5D-AD1F-45F5-817B-80FF9F81E69B}.Ad-Hoc|ARM.ActiveCfg = Release|Any CPU
		{8C2EAB5D-AD1F-45F5-817B-80FF9F81E69B}.Ad-Hoc|ARM.Build.0 = Release|Any CPU
		{8C2EAB5D-AD1F-45F5-817B-80FF9F81E69B}.Ad-Hoc|iPhone.ActiveCfg = Release|Any CPU
		{8C2EAB5D-AD1F-45F5-817B-80FF9F81E69B}.Ad-Hoc|iPhone.Build.0 = Release|Any CPU
		{8C2EAB5D-AD1F-45F5-817B-80FF9F81E69B}.Ad-Hoc|iPhoneSimulator.ActiveCfg = Release|Any CPU
		{8C2EAB5D-AD1F-45F5-817B-80FF9F81E69B}.Ad-Hoc|iPhoneSimulator.Build.0 = Release|Any CPU
		{8C2EAB5D-AD1F-45F5-817B-80FF9F81E69B}.Ad-Hoc|x64.ActiveCfg = Release|Any CPU
		{8C2EAB5D-AD1F-45F5-817B-80FF9F81E69B}.Ad-Hoc|x64.Build.0 = Release|Any CPU
		{8C2EAB5D-AD1F-45F5-817B-80FF9F81E69B}.Ad-Hoc|x86.ActiveCfg = Release|Any CPU
		{8C2EAB5D-AD1F-45F5-817B-80FF9F81E69B}.Ad-Hoc|x86.Build.0 = Release|Any CPU
		{8C2EAB5D-AD1F-45F5-817B-80FF9F81E69B}.AppStore|Any CPU.ActiveCfg = Release|Any CPU
		{8C2EAB5D-AD1F-45F5-817B-80FF9F81E69B}.AppStore|Any CPU.Build.0 = Release|Any CPU
		{8C2EAB5D-AD1F-45F5-817B-80FF9F81E69B}.AppStore|ARM.ActiveCfg = Release|Any CPU
		{8C2EAB5D-AD1F-45F5-817B-80FF9F81E69B}.AppStore|ARM.Build.0 = Release|Any CPU
		{8C2EAB5D-AD1F-45F5-817B-80FF9F81E69B}.AppStore|iPhone.ActiveCfg = Release|Any CPU
		{8C2EAB5D-AD1F-45F5-817B-80FF9F81E69B}.AppStore|iPhone.Build.0 = Release|Any CPU
		{8C2EAB5D-AD1F-45F5-817B-80FF9F81E69B}.AppStore|iPhoneSimulator.ActiveCfg = Release|Any CPU
		{8C2EAB5D-AD1F-45F5-817B-80FF9F81E69B}.AppStore|iPhoneSimulator.Build.0 = Release|Any CPU
		{8C2EAB5D-AD1F-45F5-817B-80FF9F81E69B}.AppStore|x64.ActiveCfg = Release|Any CPU
		{8C2EAB5D-AD1F-45F5-817B-80FF9F81E69B}.AppStore|x64.Build.0 = Release|Any CPU
		{8C2EAB5D-AD1F-45F5-817B-80FF9F81E69B}.AppStore|x86.ActiveCfg = Release|Any CPU
		{8C2EAB5D-AD1F-45F5-817B-80FF9F81E69B}.AppStore|x86.Build.0 = Release|Any CPU
		{8C2EAB5D-AD1F-45F5-817B-80FF9F81E69B}.Debug|Any CPU.ActiveCfg = Debug|Any CPU
		{8C2EAB5D-AD1F-45F5-817B-80FF9F81E69B}.Debug|Any CPU.Build.0 = Debug|Any CPU
		{8C2EAB5D-AD1F-45F5-817B-80FF9F81E69B}.Debug|ARM.ActiveCfg = Debug|Any CPU
		{8C2EAB5D-AD1F-45F5-817B-80FF9F81E69B}.Debug|ARM.Build.0 = Debug|Any CPU
		{8C2EAB5D-AD1F-45F5-817B-80FF9F81E69B}.Debug|iPhone.ActiveCfg = Debug|Any CPU
		{8C2EAB5D-AD1F-45F5-817B-80FF9F81E69B}.Debug|iPhone.Build.0 = Debug|Any CPU
		{8C2EAB5D-AD1F-45F5-817B-80FF9F81E69B}.Debug|iPhoneSimulator.ActiveCfg = Debug|Any CPU
		{8C2EAB5D-AD1F-45F5-817B-80FF9F81E69B}.Debug|iPhoneSimulator.Build.0 = Debug|Any CPU
		{8C2EAB5D-AD1F-45F5-817B-80FF9F81E69B}.Debug|x64.ActiveCfg = Debug|Any CPU
		{8C2EAB5D-AD1F-45F5-817B-80FF9F81E69B}.Debug|x64.Build.0 = Debug|Any CPU
		{8C2EAB5D-AD1F-45F5-817B-80FF9F81E69B}.Debug|x86.ActiveCfg = Debug|Any CPU
		{8C2EAB5D-AD1F-45F5-817B-80FF9F81E69B}.Debug|x86.Build.0 = Debug|Any CPU
		{8C2EAB5D-AD1F-45F5-817B-80FF9F81E69B}.Release|Any CPU.ActiveCfg = Release|Any CPU
		{8C2EAB5D-AD1F-45F5-817B-80FF9F81E69B}.Release|Any CPU.Build.0 = Release|Any CPU
		{8C2EAB5D-AD1F-45F5-817B-80FF9F81E69B}.Release|ARM.ActiveCfg = Release|Any CPU
		{8C2EAB5D-AD1F-45F5-817B-80FF9F81E69B}.Release|ARM.Build.0 = Release|Any CPU
		{8C2EAB5D-AD1F-45F5-817B-80FF9F81E69B}.Release|iPhone.ActiveCfg = Release|Any CPU
		{8C2EAB5D-AD1F-45F5-817B-80FF9F81E69B}.Release|iPhone.Build.0 = Release|Any CPU
		{8C2EAB5D-AD1F-45F5-817B-80FF9F81E69B}.Release|iPhoneSimulator.ActiveCfg = Release|Any CPU
		{8C2EAB5D-AD1F-45F5-817B-80FF9F81E69B}.Release|iPhoneSimulator.Build.0 = Release|Any CPU
		{8C2EAB5D-AD1F-45F5-817B-80FF9F81E69B}.Release|x64.ActiveCfg = Release|Any CPU
		{8C2EAB5D-AD1F-45F5-817B-80FF9F81E69B}.Release|x64.Build.0 = Release|Any CPU
		{8C2EAB5D-AD1F-45F5-817B-80FF9F81E69B}.Release|x86.ActiveCfg = Release|Any CPU
		{8C2EAB5D-AD1F-45F5-817B-80FF9F81E69B}.Release|x86.Build.0 = Release|Any CPU
	EndGlobalSection
	GlobalSection(SolutionProperties) = preSolution
		HideSolutionNode = FALSE
	EndGlobalSection
EndGlobal
