
Microsoft Visual Studio Solution File, Format Version 12.00
# Visual Studio 14
VisualStudioVersion = 14.0.25420.1
MinimumVisualStudioVersion = 10.0.40219.1
Project("{FAE04EC0-301F-11D3-BF4B-00C04F79EFBC}") = "INotifyPropertyChangedMVVM.Droid", "INotifyPropertyChangedMVVM\INotifyPropertyChangedMVVM.Droid\INotifyPropertyChangedMVVM.Droid.csproj", "{393847CE-1D36-441B-A503-8619E9A64E81}"
EndProject
Project("{FAE04EC0-301F-11D3-BF4B-00C04F79EFBC}") = "INotifyPropertyChangedMVVM.iOS", "INotifyPropertyChangedMVVM\INotifyPropertyChangedMVVM.iOS\INotifyPropertyChangedMVVM.iOS.csproj", "{E3424FDC-892D-4E0B-A100-1090B62AEF74}"
EndProject
Project("{FAE04EC0-301F-11D3-BF4B-00C04F79EFBC}") = "INotifyPropertyChangedMVVM", "INotifyPropertyChangedMVVM\INotifyPropertyChangedMVVM\INotifyPropertyChangedMVVM.csproj", "{5F355803-DB73-419D-BDAA-7D8453FCB502}"
EndProject
Global
	GlobalSection(SolutionConfigurationPlatforms) = preSolution
		Ad-Hoc|Any CPU = Ad-Hoc|Any CPU
		Ad-Hoc|ARM = Ad-Hoc|ARM
		Ad-Hoc|iPhone = Ad-Hoc|iPhone
		Ad-Hoc|iPhoneSimulator = Ad-Hoc|iPhoneSimulator
		Ad-Hoc|x64 = Ad-Hoc|x64
		Ad-Hoc|x86 = Ad-Hoc|x86
		AppStore|Any CPU = AppStore|Any CPU
		AppStore|ARM = AppStore|ARM
		AppStore|iPhone = AppStore|iPhone
		AppStore|iPhoneSimulator = AppStore|iPhoneSimulator
		AppStore|x64 = AppStore|x64
		AppStore|x86 = AppStore|x86
		Debug|Any CPU = Debug|Any CPU
		Debug|ARM = Debug|ARM
		Debug|iPhone = Debug|iPhone
		Debug|iPhoneSimulator = Debug|iPhoneSimulator
		Debug|x64 = Debug|x64
		Debug|x86 = Debug|x86
		Release|Any CPU = Release|Any CPU
		Release|ARM = Release|ARM
		Release|iPhone = Release|iPhone
		Release|iPhoneSimulator = Release|iPhoneSimulator
		Release|x64 = Release|x64
		Release|x86 = Release|x86
	EndGlobalSection
	GlobalSection(ProjectConfigurationPlatforms) = postSolution
		{393847CE-1D36-441B-A503-8619E9A64E81}.Ad-Hoc|Any CPU.ActiveCfg = Release|Any CPU
		{393847CE-1D36-441B-A503-8619E9A64E81}.Ad-Hoc|Any CPU.Build.0 = Release|Any CPU
		{393847CE-1D36-441B-A503-8619E9A64E81}.Ad-Hoc|Any CPU.Deploy.0 = Release|Any CPU
		{393847CE-1D36-441B-A503-8619E9A64E81}.Ad-Hoc|ARM.ActiveCfg = Release|Any CPU
		{393847CE-1D36-441B-A503-8619E9A64E81}.Ad-Hoc|ARM.Build.0 = Release|Any CPU
		{393847CE-1D36-441B-A503-8619E9A64E81}.Ad-Hoc|ARM.Deploy.0 = Release|Any CPU
		{393847CE-1D36-441B-A503-8619E9A64E81}.Ad-Hoc|iPhone.ActiveCfg = Release|Any CPU
		{393847CE-1D36-441B-A503-8619E9A64E81}.Ad-Hoc|iPhone.Build.0 = Release|Any CPU
		{393847CE-1D36-441B-A503-8619E9A64E81}.Ad-Hoc|iPhone.Deploy.0 = Release|Any CPU
		{393847CE-1D36-441B-A503-8619E9A64E81}.Ad-Hoc|iPhoneSimulator.ActiveCfg = Release|Any CPU
		{393847CE-1D36-441B-A503-8619E9A64E81}.Ad-Hoc|iPhoneSimulator.Build.0 = Release|Any CPU
		{393847CE-1D36-441B-A503-8619E9A64E81}.Ad-Hoc|iPhoneSimulator.Deploy.0 = Release|Any CPU
		{393847CE-1D36-441B-A503-8619E9A64E81}.Ad-Hoc|x64.ActiveCfg = Release|Any CPU
		{393847CE-1D36-441B-A503-8619E9A64E81}.Ad-Hoc|x64.Build.0 = Release|Any CPU
		{393847CE-1D36-441B-A503-8619E9A64E81}.Ad-Hoc|x64.Deploy.0 = Release|Any CPU
		{393847CE-1D36-441B-A503-8619E9A64E81}.Ad-Hoc|x86.ActiveCfg = Release|Any CPU
		{393847CE-1D36-441B-A503-8619E9A64E81}.Ad-Hoc|x86.Build.0 = Release|Any CPU
		{393847CE-1D36-441B-A503-8619E9A64E81}.Ad-Hoc|x86.Deploy.0 = Release|Any CPU
		{393847CE-1D36-441B-A503-8619E9A64E81}.AppStore|Any CPU.ActiveCfg = Release|Any CPU
		{393847CE-1D36-441B-A503-8619E9A64E81}.AppStore|Any CPU.Build.0 = Release|Any CPU
		{393847CE-1D36-441B-A503-8619E9A64E81}.AppStore|Any CPU.Deploy.0 = Release|Any CPU
		{393847CE-1D36-441B-A503-8619E9A64E81}.AppStore|ARM.ActiveCfg = Release|Any CPU
		{393847CE-1D36-441B-A503-8619E9A64E81}.AppStore|ARM.Build.0 = Release|Any CPU
		{393847CE-1D36-441B-A503-8619E9A64E81}.AppStore|ARM.Deploy.0 = Release|Any CPU
		{393847CE-1D36-441B-A503-8619E9A64E81}.AppStore|iPhone.ActiveCfg = Release|Any CPU
		{393847CE-1D36-441B-A503-8619E9A64E81}.AppStore|iPhone.Build.0 = Release|Any CPU
		{393847CE-1D36-441B-A503-8619E9A64E81}.AppStore|iPhone.Deploy.0 = Release|Any CPU
		{393847CE-1D36-441B-A503-8619E9A64E81}.AppStore|iPhoneSimulator.ActiveCfg = Release|Any CPU
		{393847CE-1D36-441B-A503-8619E9A64E81}.AppStore|iPhoneSimulator.Build.0 = Release|Any CPU
		{393847CE-1D36-441B-A503-8619E9A64E81}.AppStore|iPhoneSimulator.Deploy.0 = Release|Any CPU
		{393847CE-1D36-441B-A503-8619E9A64E81}.AppStore|x64.ActiveCfg = Release|Any CPU
		{393847CE-1D36-441B-A503-8619E9A64E81}.AppStore|x64.Build.0 = Release|Any CPU
		{393847CE-1D36-441B-A503-8619E9A64E81}.AppStore|x64.Deploy.0 = Release|Any CPU
		{393847CE-1D36-441B-A503-8619E9A64E81}.AppStore|x86.ActiveCfg = Release|Any CPU
		{393847CE-1D36-441B-A503-8619E9A64E81}.AppStore|x86.Build.0 = Release|Any CPU
		{393847CE-1D36-441B-A503-8619E9A64E81}.AppStore|x86.Deploy.0 = Release|Any CPU
		{393847CE-1D36-441B-A503-8619E9A64E81}.Debug|Any CPU.ActiveCfg = Debug|Any CPU
		{393847CE-1D36-441B-A503-8619E9A64E81}.Debug|Any CPU.Build.0 = Debug|Any CPU
		{393847CE-1D36-441B-A503-8619E9A64E81}.Debug|Any CPU.Deploy.0 = Debug|Any CPU
		{393847CE-1D36-441B-A503-8619E9A64E81}.Debug|ARM.ActiveCfg = Debug|Any CPU
		{393847CE-1D36-441B-A503-8619E9A64E81}.Debug|ARM.Build.0 = Debug|Any CPU
		{393847CE-1D36-441B-A503-8619E9A64E81}.Debug|ARM.Deploy.0 = Debug|Any CPU
		{393847CE-1D36-441B-A503-8619E9A64E81}.Debug|iPhone.ActiveCfg = Debug|Any CPU
		{393847CE-1D36-441B-A503-8619E9A64E81}.Debug|iPhone.Build.0 = Debug|Any CPU
		{393847CE-1D36-441B-A503-8619E9A64E81}.Debug|iPhone.Deploy.0 = Debug|Any CPU
		{393847CE-1D36-441B-A503-8619E9A64E81}.Debug|iPhoneSimulator.ActiveCfg = Debug|Any CPU
		{393847CE-1D36-441B-A503-8619E9A64E81}.Debug|iPhoneSimulator.Build.0 = Debug|Any CPU
		{393847CE-1D36-441B-A503-8619E9A64E81}.Debug|iPhoneSimulator.Deploy.0 = Debug|Any CPU
		{393847CE-1D36-441B-A503-8619E9A64E81}.Debug|x64.ActiveCfg = Debug|Any CPU
		{393847CE-1D36-441B-A503-8619E9A64E81}.Debug|x64.Build.0 = Debug|Any CPU
		{393847CE-1D36-441B-A503-8619E9A64E81}.Debug|x64.Deploy.0 = Debug|Any CPU
		{393847CE-1D36-441B-A503-8619E9A64E81}.Debug|x86.ActiveCfg = Debug|Any CPU
		{393847CE-1D36-441B-A503-8619E9A64E81}.Debug|x86.Build.0 = Debug|Any CPU
		{393847CE-1D36-441B-A503-8619E9A64E81}.Debug|x86.Deploy.0 = Debug|Any CPU
		{393847CE-1D36-441B-A503-8619E9A64E81}.Release|Any CPU.ActiveCfg = Release|Any CPU
		{393847CE-1D36-441B-A503-8619E9A64E81}.Release|Any CPU.Build.0 = Release|Any CPU
		{393847CE-1D36-441B-A503-8619E9A64E81}.Release|Any CPU.Deploy.0 = Release|Any CPU
		{393847CE-1D36-441B-A503-8619E9A64E81}.Release|ARM.ActiveCfg = Release|Any CPU
		{393847CE-1D36-441B-A503-8619E9A64E81}.Release|ARM.Build.0 = Release|Any CPU
		{393847CE-1D36-441B-A503-8619E9A64E81}.Release|ARM.Deploy.0 = Release|Any CPU
		{393847CE-1D36-441B-A503-8619E9A64E81}.Release|iPhone.ActiveCfg = Release|Any CPU
		{393847CE-1D36-441B-A503-8619E9A64E81}.Release|iPhone.Build.0 = Release|Any CPU
		{393847CE-1D36-441B-A503-8619E9A64E81}.Release|iPhone.Deploy.0 = Release|Any CPU
		{393847CE-1D36-441B-A503-8619E9A64E81}.Release|iPhoneSimulator.ActiveCfg = Release|Any CPU
		{393847CE-1D36-441B-A503-8619E9A64E81}.Release|iPhoneSimulator.Build.0 = Release|Any CPU
		{393847CE-1D36-441B-A503-8619E9A64E81}.Release|iPhoneSimulator.Deploy.0 = Release|Any CPU
		{393847CE-1D36-441B-A503-8619E9A64E81}.Release|x64.ActiveCfg = Release|Any CPU
		{393847CE-1D36-441B-A503-8619E9A64E81}.Release|x64.Build.0 = Release|Any CPU
		{393847CE-1D36-441B-A503-8619E9A64E81}.Release|x64.Deploy.0 = Release|Any CPU
		{393847CE-1D36-441B-A503-8619E9A64E81}.Release|x86.ActiveCfg = Release|Any CPU
		{393847CE-1D36-441B-A503-8619E9A64E81}.Release|x86.Build.0 = Release|Any CPU
		{393847CE-1D36-441B-A503-8619E9A64E81}.Release|x86.Deploy.0 = Release|Any CPU
		{E3424FDC-892D-4E0B-A100-1090B62AEF74}.Ad-Hoc|Any CPU.ActiveCfg = Ad-Hoc|iPhone
		{E3424FDC-892D-4E0B-A100-1090B62AEF74}.Ad-Hoc|ARM.ActiveCfg = Ad-Hoc|iPhone
		{E3424FDC-892D-4E0B-A100-1090B62AEF74}.Ad-Hoc|iPhone.ActiveCfg = Ad-Hoc|iPhone
		{E3424FDC-892D-4E0B-A100-1090B62AEF74}.Ad-Hoc|iPhone.Build.0 = Ad-Hoc|iPhone
		{E3424FDC-892D-4E0B-A100-1090B62AEF74}.Ad-Hoc|iPhoneSimulator.ActiveCfg = Ad-Hoc|iPhoneSimulator
		{E3424FDC-892D-4E0B-A100-1090B62AEF74}.Ad-Hoc|iPhoneSimulator.Build.0 = Ad-Hoc|iPhoneSimulator
		{E3424FDC-892D-4E0B-A100-1090B62AEF74}.Ad-Hoc|x64.ActiveCfg = Ad-Hoc|iPhone
		{E3424FDC-892D-4E0B-A100-1090B62AEF74}.Ad-Hoc|x86.ActiveCfg = Ad-Hoc|iPhone
		{E3424FDC-892D-4E0B-A100-1090B62AEF74}.AppStore|Any CPU.ActiveCfg = AppStore|iPhone
		{E3424FDC-892D-4E0B-A100-1090B62AEF74}.AppStore|ARM.ActiveCfg = AppStore|iPhone
		{E3424FDC-892D-4E0B-A100-1090B62AEF74}.AppStore|iPhone.ActiveCfg = AppStore|iPhone
		{E3424FDC-892D-4E0B-A100-1090B62AEF74}.AppStore|iPhone.Build.0 = AppStore|iPhone
		{E3424FDC-892D-4E0B-A100-1090B62AEF74}.AppStore|iPhoneSimulator.ActiveCfg = AppStore|iPhoneSimulator
		{E3424FDC-892D-4E0B-A100-1090B62AEF74}.AppStore|iPhoneSimulator.Build.0 = AppStore|iPhoneSimulator
		{E3424FDC-892D-4E0B-A100-1090B62AEF74}.AppStore|x64.ActiveCfg = AppStore|iPhone
		{E3424FDC-892D-4E0B-A100-1090B62AEF74}.AppStore|x86.ActiveCfg = AppStore|iPhone
		{E3424FDC-892D-4E0B-A100-1090B62AEF74}.Debug|Any CPU.ActiveCfg = Debug|iPhone
		{E3424FDC-892D-4E0B-A100-1090B62AEF74}.Debug|ARM.ActiveCfg = Debug|iPhone
		{E3424FDC-892D-4E0B-A100-1090B62AEF74}.Debug|iPhone.ActiveCfg = Debug|iPhone
		{E3424FDC-892D-4E0B-A100-1090B62AEF74}.Debug|iPhone.Build.0 = Debug|iPhone
		{E3424FDC-892D-4E0B-A100-1090B62AEF74}.Debug|iPhoneSimulator.ActiveCfg = Debug|iPhoneSimulator
		{E3424FDC-892D-4E0B-A100-1090B62AEF74}.Debug|iPhoneSimulator.Build.0 = Debug|iPhoneSimulator
		{E3424FDC-892D-4E0B-A100-1090B62AEF74}.Debug|x64.ActiveCfg = Debug|iPhone
		{E3424FDC-892D-4E0B-A100-1090B62AEF74}.Debug|x86.ActiveCfg = Debug|iPhone
		{E3424FDC-892D-4E0B-A100-1090B62AEF74}.Release|Any CPU.ActiveCfg = Release|iPhone
		{E3424FDC-892D-4E0B-A100-1090B62AEF74}.Release|ARM.ActiveCfg = Release|iPhone
		{E3424FDC-892D-4E0B-A100-1090B62AEF74}.Release|iPhone.ActiveCfg = Release|iPhone
		{E3424FDC-892D-4E0B-A100-1090B62AEF74}.Release|iPhone.Build.0 = Release|iPhone
		{E3424FDC-892D-4E0B-A100-1090B62AEF74}.Release|iPhoneSimulator.ActiveCfg = Release|iPhoneSimulator
		{E3424FDC-892D-4E0B-A100-1090B62AEF74}.Release|iPhoneSimulator.Build.0 = Release|iPhoneSimulator
		{E3424FDC-892D-4E0B-A100-1090B62AEF74}.Release|x64.ActiveCfg = Release|iPhone
		{E3424FDC-892D-4E0B-A100-1090B62AEF74}.Release|x86.ActiveCfg = Release|iPhone
		{5F355803-DB73-419D-BDAA-7D8453FCB502}.Ad-Hoc|Any CPU.ActiveCfg = Release|Any CPU
		{5F355803-DB73-419D-BDAA-7D8453FCB502}.Ad-Hoc|Any CPU.Build.0 = Release|Any CPU
		{5F355803-DB73-419D-BDAA-7D8453FCB502}.Ad-Hoc|ARM.ActiveCfg = Release|Any CPU
		{5F355803-DB73-419D-BDAA-7D8453FCB502}.Ad-Hoc|ARM.Build.0 = Release|Any CPU
		{5F355803-DB73-419D-BDAA-7D8453FCB502}.Ad-Hoc|iPhone.ActiveCfg = Release|Any CPU
		{5F355803-DB73-419D-BDAA-7D8453FCB502}.Ad-Hoc|iPhone.Build.0 = Release|Any CPU
		{5F355803-DB73-419D-BDAA-7D8453FCB502}.Ad-Hoc|iPhoneSimulator.ActiveCfg = Release|Any CPU
		{5F355803-DB73-419D-BDAA-7D8453FCB502}.Ad-Hoc|iPhoneSimulator.Build.0 = Release|Any CPU
		{5F355803-DB73-419D-BDAA-7D8453FCB502}.Ad-Hoc|x64.ActiveCfg = Release|Any CPU
		{5F355803-DB73-419D-BDAA-7D8453FCB502}.Ad-Hoc|x64.Build.0 = Release|Any CPU
		{5F355803-DB73-419D-BDAA-7D8453FCB502}.Ad-Hoc|x86.ActiveCfg = Release|Any CPU
		{5F355803-DB73-419D-BDAA-7D8453FCB502}.Ad-Hoc|x86.Build.0 = Release|Any CPU
		{5F355803-DB73-419D-BDAA-7D8453FCB502}.AppStore|Any CPU.ActiveCfg = Release|Any CPU
		{5F355803-DB73-419D-BDAA-7D8453FCB502}.AppStore|Any CPU.Build.0 = Release|Any CPU
		{5F355803-DB73-419D-BDAA-7D8453FCB502}.AppStore|ARM.ActiveCfg = Release|Any CPU
		{5F355803-DB73-419D-BDAA-7D8453FCB502}.AppStore|ARM.Build.0 = Release|Any CPU
		{5F355803-DB73-419D-BDAA-7D8453FCB502}.AppStore|iPhone.ActiveCfg = Release|Any CPU
		{5F355803-DB73-419D-BDAA-7D8453FCB502}.AppStore|iPhone.Build.0 = Release|Any CPU
		{5F355803-DB73-419D-BDAA-7D8453FCB502}.AppStore|iPhoneSimulator.ActiveCfg = Release|Any CPU
		{5F355803-DB73-419D-BDAA-7D8453FCB502}.AppStore|iPhoneSimulator.Build.0 = Release|Any CPU
		{5F355803-DB73-419D-BDAA-7D8453FCB502}.AppStore|x64.ActiveCfg = Release|Any CPU
		{5F355803-DB73-419D-BDAA-7D8453FCB502}.AppStore|x64.Build.0 = Release|Any CPU
		{5F355803-DB73-419D-BDAA-7D8453FCB502}.AppStore|x86.ActiveCfg = Release|Any CPU
		{5F355803-DB73-419D-BDAA-7D8453FCB502}.AppStore|x86.Build.0 = Release|Any CPU
		{5F355803-DB73-419D-BDAA-7D8453FCB502}.Debug|Any CPU.ActiveCfg = Debug|Any CPU
		{5F355803-DB73-419D-BDAA-7D8453FCB502}.Debug|Any CPU.Build.0 = Debug|Any CPU
		{5F355803-DB73-419D-BDAA-7D8453FCB502}.Debug|ARM.ActiveCfg = Debug|Any CPU
		{5F355803-DB73-419D-BDAA-7D8453FCB502}.Debug|ARM.Build.0 = Debug|Any CPU
		{5F355803-DB73-419D-BDAA-7D8453FCB502}.Debug|iPhone.ActiveCfg = Debug|Any CPU
		{5F355803-DB73-419D-BDAA-7D8453FCB502}.Debug|iPhone.Build.0 = Debug|Any CPU
		{5F355803-DB73-419D-BDAA-7D8453FCB502}.Debug|iPhoneSimulator.ActiveCfg = Debug|Any CPU
		{5F355803-DB73-419D-BDAA-7D8453FCB502}.Debug|iPhoneSimulator.Build.0 = Debug|Any CPU
		{5F355803-DB73-419D-BDAA-7D8453FCB502}.Debug|x64.ActiveCfg = Debug|Any CPU
		{5F355803-DB73-419D-BDAA-7D8453FCB502}.Debug|x64.Build.0 = Debug|Any CPU
		{5F355803-DB73-419D-BDAA-7D8453FCB502}.Debug|x86.ActiveCfg = Debug|Any CPU
		{5F355803-DB73-419D-BDAA-7D8453FCB502}.Debug|x86.Build.0 = Debug|Any CPU
		{5F355803-DB73-419D-BDAA-7D8453FCB502}.Release|Any CPU.ActiveCfg = Release|Any CPU
		{5F355803-DB73-419D-BDAA-7D8453FCB502}.Release|Any CPU.Build.0 = Release|Any CPU
		{5F355803-DB73-419D-BDAA-7D8453FCB502}.Release|ARM.ActiveCfg = Release|Any CPU
		{5F355803-DB73-419D-BDAA-7D8453FCB502}.Release|ARM.Build.0 = Release|Any CPU
		{5F355803-DB73-419D-BDAA-7D8453FCB502}.Release|iPhone.ActiveCfg = Release|Any CPU
		{5F355803-DB73-419D-BDAA-7D8453FCB502}.Release|iPhone.Build.0 = Release|Any CPU
		{5F355803-DB73-419D-BDAA-7D8453FCB502}.Release|iPhoneSimulator.ActiveCfg = Release|Any CPU
		{5F355803-DB73-419D-BDAA-7D8453FCB502}.Release|iPhoneSimulator.Build.0 = Release|Any CPU
		{5F355803-DB73-419D-BDAA-7D8453FCB502}.Release|x64.ActiveCfg = Release|Any CPU
		{5F355803-DB73-419D-BDAA-7D8453FCB502}.Release|x64.Build.0 = Release|Any CPU
		{5F355803-DB73-419D-BDAA-7D8453FCB502}.Release|x86.ActiveCfg = Release|Any CPU
		{5F355803-DB73-419D-BDAA-7D8453FCB502}.Release|x86.Build.0 = Release|Any CPU
	EndGlobalSection
	GlobalSection(SolutionProperties) = preSolution
		HideSolutionNode = FALSE
	EndGlobalSection
EndGlobal
