
Microsoft Visual Studio Solution File, Format Version 12.00
# Visual Studio 14
VisualStudioVersion = 14.0.25420.1
MinimumVisualStudioVersion = 10.0.40219.1
Project("{FAE04EC0-301F-11D3-BF4B-00C04F79EFBC}") = "MvvmOpgave2.Droid", "MvvmOpgave2\MvvmOpgave2.Droid\MvvmOpgave2.Droid.csproj", "{4AF37F45-EE78-4611-B9D2-4132CDE397FB}"
EndProject
Project("{FAE04EC0-301F-11D3-BF4B-00C04F79EFBC}") = "MvvmOpgave2.iOS", "MvvmOpgave2\MvvmOpgave2.iOS\MvvmOpgave2.iOS.csproj", "{F0F8D819-616C-4345-8D40-5E21D73B96F1}"
EndProject
Project("{FAE04EC0-301F-11D3-BF4B-00C04F79EFBC}") = "MvvmOpgave2", "MvvmOpgave2\MvvmOpgave2\MvvmOpgave2.csproj", "{93E8FBDD-5460-4DCA-82F2-1A4D4AD717ED}"
EndProject
Global
	GlobalSection(SolutionConfigurationPlatforms) = preSolution
		Ad-Hoc|Any CPU = Ad-Hoc|Any CPU
		Ad-Hoc|ARM = Ad-Hoc|ARM
		Ad-Hoc|iPhone = Ad-Hoc|iPhone
		Ad-Hoc|iPhoneSimulator = Ad-Hoc|iPhoneSimulator
		Ad-Hoc|x64 = Ad-Hoc|x64
		Ad-Hoc|x86 = Ad-Hoc|x86
		AppStore|Any CPU = AppStore|Any CPU
		AppStore|ARM = AppStore|ARM
		AppStore|iPhone = AppStore|iPhone
		AppStore|iPhoneSimulator = AppStore|iPhoneSimulator
		AppStore|x64 = AppStore|x64
		AppStore|x86 = AppStore|x86
		Debug|Any CPU = Debug|Any CPU
		Debug|ARM = Debug|ARM
		Debug|iPhone = Debug|iPhone
		Debug|iPhoneSimulator = Debug|iPhoneSimulator
		Debug|x64 = Debug|x64
		Debug|x86 = Debug|x86
		Release|Any CPU = Release|Any CPU
		Release|ARM = Release|ARM
		Release|iPhone = Release|iPhone
		Release|iPhoneSimulator = Release|iPhoneSimulator
		Release|x64 = Release|x64
		Release|x86 = Release|x86
	EndGlobalSection
	GlobalSection(ProjectConfigurationPlatforms) = postSolution
		{4AF37F45-EE78-4611-B9D2-4132CDE397FB}.Ad-Hoc|Any CPU.ActiveCfg = Release|Any CPU
		{4AF37F45-EE78-4611-B9D2-4132CDE397FB}.Ad-Hoc|Any CPU.Build.0 = Release|Any CPU
		{4AF37F45-EE78-4611-B9D2-4132CDE397FB}.Ad-Hoc|Any CPU.Deploy.0 = Release|Any CPU
		{4AF37F45-EE78-4611-B9D2-4132CDE397FB}.Ad-Hoc|ARM.ActiveCfg = Release|Any CPU
		{4AF37F45-EE78-4611-B9D2-4132CDE397FB}.Ad-Hoc|ARM.Build.0 = Release|Any CPU
		{4AF37F45-EE78-4611-B9D2-4132CDE397FB}.Ad-Hoc|ARM.Deploy.0 = Release|Any CPU
		{4AF37F45-EE78-4611-B9D2-4132CDE397FB}.Ad-Hoc|iPhone.ActiveCfg = Release|Any CPU
		{4AF37F45-EE78-4611-B9D2-4132CDE397FB}.Ad-Hoc|iPhone.Build.0 = Release|Any CPU
		{4AF37F45-EE78-4611-B9D2-4132CDE397FB}.Ad-Hoc|iPhone.Deploy.0 = Release|Any CPU
		{4AF37F45-EE78-4611-B9D2-4132CDE397FB}.Ad-Hoc|iPhoneSimulator.ActiveCfg = Release|Any CPU
		{4AF37F45-EE78-4611-B9D2-4132CDE397FB}.Ad-Hoc|iPhoneSimulator.Build.0 = Release|Any CPU
		{4AF37F45-EE78-4611-B9D2-4132CDE397FB}.Ad-Hoc|iPhoneSimulator.Deploy.0 = Release|Any CPU
		{4AF37F45-EE78-4611-B9D2-4132CDE397FB}.Ad-Hoc|x64.ActiveCfg = Release|Any CPU
		{4AF37F45-EE78-4611-B9D2-4132CDE397FB}.Ad-Hoc|x64.Build.0 = Release|Any CPU
		{4AF37F45-EE78-4611-B9D2-4132CDE397FB}.Ad-Hoc|x64.Deploy.0 = Release|Any CPU
		{4AF37F45-EE78-4611-B9D2-4132CDE397FB}.Ad-Hoc|x86.ActiveCfg = Release|Any CPU
		{4AF37F45-EE78-4611-B9D2-4132CDE397FB}.Ad-Hoc|x86.Build.0 = Release|Any CPU
		{4AF37F45-EE78-4611-B9D2-4132CDE397FB}.Ad-Hoc|x86.Deploy.0 = Release|Any CPU
		{4AF37F45-EE78-4611-B9D2-4132CDE397FB}.AppStore|Any CPU.ActiveCfg = Release|Any CPU
		{4AF37F45-EE78-4611-B9D2-4132CDE397FB}.AppStore|Any CPU.Build.0 = Release|Any CPU
		{4AF37F45-EE78-4611-B9D2-4132CDE397FB}.AppStore|Any CPU.Deploy.0 = Release|Any CPU
		{4AF37F45-EE78-4611-B9D2-4132CDE397FB}.AppStore|ARM.ActiveCfg = Release|Any CPU
		{4AF37F45-EE78-4611-B9D2-4132CDE397FB}.AppStore|ARM.Build.0 = Release|Any CPU
		{4AF37F45-EE78-4611-B9D2-4132CDE397FB}.AppStore|ARM.Deploy.0 = Release|Any CPU
		{4AF37F45-EE78-4611-B9D2-4132CDE397FB}.AppStore|iPhone.ActiveCfg = Release|Any CPU
		{4AF37F45-EE78-4611-B9D2-4132CDE397FB}.AppStore|iPhone.Build.0 = Release|Any CPU
		{4AF37F45-EE78-4611-B9D2-4132CDE397FB}.AppStore|iPhone.Deploy.0 = Release|Any CPU
		{4AF37F45-EE78-4611-B9D2-4132CDE397FB}.AppStore|iPhoneSimulator.ActiveCfg = Release|Any CPU
		{4AF37F45-EE78-4611-B9D2-4132CDE397FB}.AppStore|iPhoneSimulator.Build.0 = Release|Any CPU
		{4AF37F45-EE78-4611-B9D2-4132CDE397FB}.AppStore|iPhoneSimulator.Deploy.0 = Release|Any CPU
		{4AF37F45-EE78-4611-B9D2-4132CDE397FB}.AppStore|x64.ActiveCfg = Release|Any CPU
		{4AF37F45-EE78-4611-B9D2-4132CDE397FB}.AppStore|x64.Build.0 = Release|Any CPU
		{4AF37F45-EE78-4611-B9D2-4132CDE397FB}.AppStore|x64.Deploy.0 = Release|Any CPU
		{4AF37F45-EE78-4611-B9D2-4132CDE397FB}.AppStore|x86.ActiveCfg = Release|Any CPU
		{4AF37F45-EE78-4611-B9D2-4132CDE397FB}.AppStore|x86.Build.0 = Release|Any CPU
		{4AF37F45-EE78-4611-B9D2-4132CDE397FB}.AppStore|x86.Deploy.0 = Release|Any CPU
		{4AF37F45-EE78-4611-B9D2-4132CDE397FB}.Debug|Any CPU.ActiveCfg = Debug|Any CPU
		{4AF37F45-EE78-4611-B9D2-4132CDE397FB}.Debug|Any CPU.Build.0 = Debug|Any CPU
		{4AF37F45-EE78-4611-B9D2-4132CDE397FB}.Debug|Any CPU.Deploy.0 = Debug|Any CPU
		{4AF37F45-EE78-4611-B9D2-4132CDE397FB}.Debug|ARM.ActiveCfg = Debug|Any CPU
		{4AF37F45-EE78-4611-B9D2-4132CDE397FB}.Debug|ARM.Build.0 = Debug|Any CPU
		{4AF37F45-EE78-4611-B9D2-4132CDE397FB}.Debug|ARM.Deploy.0 = Debug|Any CPU
		{4AF37F45-EE78-4611-B9D2-4132CDE397FB}.Debug|iPhone.ActiveCfg = Debug|Any CPU
		{4AF37F45-EE78-4611-B9D2-4132CDE397FB}.Debug|iPhone.Build.0 = Debug|Any CPU
		{4AF37F45-EE78-4611-B9D2-4132CDE397FB}.Debug|iPhone.Deploy.0 = Debug|Any CPU
		{4AF37F45-EE78-4611-B9D2-4132CDE397FB}.Debug|iPhoneSimulator.ActiveCfg = Debug|Any CPU
		{4AF37F45-EE78-4611-B9D2-4132CDE397FB}.Debug|iPhoneSimulator.Build.0 = Debug|Any CPU
		{4AF37F45-EE78-4611-B9D2-4132CDE397FB}.Debug|iPhoneSimulator.Deploy.0 = Debug|Any CPU
		{4AF37F45-EE78-4611-B9D2-4132CDE397FB}.Debug|x64.ActiveCfg = Debug|Any CPU
		{4AF37F45-EE78-4611-B9D2-4132CDE397FB}.Debug|x64.Build.0 = Debug|Any CPU
		{4AF37F45-EE78-4611-B9D2-4132CDE397FB}.Debug|x64.Deploy.0 = Debug|Any CPU
		{4AF37F45-EE78-4611-B9D2-4132CDE397FB}.Debug|x86.ActiveCfg = Debug|Any CPU
		{4AF37F45-EE78-4611-B9D2-4132CDE397FB}.Debug|x86.Build.0 = Debug|Any CPU
		{4AF37F45-EE78-4611-B9D2-4132CDE397FB}.Debug|x86.Deploy.0 = Debug|Any CPU
		{4AF37F45-EE78-4611-B9D2-4132CDE397FB}.Release|Any CPU.ActiveCfg = Release|Any CPU
		{4AF37F45-EE78-4611-B9D2-4132CDE397FB}.Release|Any CPU.Build.0 = Release|Any CPU
		{4AF37F45-EE78-4611-B9D2-4132CDE397FB}.Release|Any CPU.Deploy.0 = Release|Any CPU
		{4AF37F45-EE78-4611-B9D2-4132CDE397FB}.Release|ARM.ActiveCfg = Release|Any CPU
		{4AF37F45-EE78-4611-B9D2-4132CDE397FB}.Release|ARM.Build.0 = Release|Any CPU
		{4AF37F45-EE78-4611-B9D2-4132CDE397FB}.Release|ARM.Deploy.0 = Release|Any CPU
		{4AF37F45-EE78-4611-B9D2-4132CDE397FB}.Release|iPhone.ActiveCfg = Release|Any CPU
		{4AF37F45-EE78-4611-B9D2-4132CDE397FB}.Release|iPhone.Build.0 = Release|Any CPU
		{4AF37F45-EE78-4611-B9D2-4132CDE397FB}.Release|iPhone.Deploy.0 = Release|Any CPU
		{4AF37F45-EE78-4611-B9D2-4132CDE397FB}.Release|iPhoneSimulator.ActiveCfg = Release|Any CPU
		{4AF37F45-EE78-4611-B9D2-4132CDE397FB}.Release|iPhoneSimulator.Build.0 = Release|Any CPU
		{4AF37F45-EE78-4611-B9D2-4132CDE397FB}.Release|iPhoneSimulator.Deploy.0 = Release|Any CPU
		{4AF37F45-EE78-4611-B9D2-4132CDE397FB}.Release|x64.ActiveCfg = Release|Any CPU
		{4AF37F45-EE78-4611-B9D2-4132CDE397FB}.Release|x64.Build.0 = Release|Any CPU
		{4AF37F45-EE78-4611-B9D2-4132CDE397FB}.Release|x64.Deploy.0 = Release|Any CPU
		{4AF37F45-EE78-4611-B9D2-4132CDE397FB}.Release|x86.ActiveCfg = Release|Any CPU
		{4AF37F45-EE78-4611-B9D2-4132CDE397FB}.Release|x86.Build.0 = Release|Any CPU
		{4AF37F45-EE78-4611-B9D2-4132CDE397FB}.Release|x86.Deploy.0 = Release|Any CPU
		{F0F8D819-616C-4345-8D40-5E21D73B96F1}.Ad-Hoc|Any CPU.ActiveCfg = Ad-Hoc|iPhone
		{F0F8D819-616C-4345-8D40-5E21D73B96F1}.Ad-Hoc|ARM.ActiveCfg = Ad-Hoc|iPhone
		{F0F8D819-616C-4345-8D40-5E21D73B96F1}.Ad-Hoc|iPhone.ActiveCfg = Ad-Hoc|iPhone
		{F0F8D819-616C-4345-8D40-5E21D73B96F1}.Ad-Hoc|iPhone.Build.0 = Ad-Hoc|iPhone
		{F0F8D819-616C-4345-8D40-5E21D73B96F1}.Ad-Hoc|iPhoneSimulator.ActiveCfg = Ad-Hoc|iPhoneSimulator
		{F0F8D819-616C-4345-8D40-5E21D73B96F1}.Ad-Hoc|iPhoneSimulator.Build.0 = Ad-Hoc|iPhoneSimulator
		{F0F8D819-616C-4345-8D40-5E21D73B96F1}.Ad-Hoc|x64.ActiveCfg = Ad-Hoc|iPhone
		{F0F8D819-616C-4345-8D40-5E21D73B96F1}.Ad-Hoc|x86.ActiveCfg = Ad-Hoc|iPhone
		{F0F8D819-616C-4345-8D40-5E21D73B96F1}.AppStore|Any CPU.ActiveCfg = AppStore|iPhone
		{F0F8D819-616C-4345-8D40-5E21D73B96F1}.AppStore|ARM.ActiveCfg = AppStore|iPhone
		{F0F8D819-616C-4345-8D40-5E21D73B96F1}.AppStore|iPhone.ActiveCfg = AppStore|iPhone
		{F0F8D819-616C-4345-8D40-5E21D73B96F1}.AppStore|iPhone.Build.0 = AppStore|iPhone
		{F0F8D819-616C-4345-8D40-5E21D73B96F1}.AppStore|iPhoneSimulator.ActiveCfg = AppStore|iPhoneSimulator
		{F0F8D819-616C-4345-8D40-5E21D73B96F1}.AppStore|iPhoneSimulator.Build.0 = AppStore|iPhoneSimulator
		{F0F8D819-616C-4345-8D40-5E21D73B96F1}.AppStore|x64.ActiveCfg = AppStore|iPhone
		{F0F8D819-616C-4345-8D40-5E21D73B96F1}.AppStore|x86.ActiveCfg = AppStore|iPhone
		{F0F8D819-616C-4345-8D40-5E21D73B96F1}.Debug|Any CPU.ActiveCfg = Debug|iPhone
		{F0F8D819-616C-4345-8D40-5E21D73B96F1}.Debug|ARM.ActiveCfg = Debug|iPhone
		{F0F8D819-616C-4345-8D40-5E21D73B96F1}.Debug|iPhone.ActiveCfg = Debug|iPhone
		{F0F8D819-616C-4345-8D40-5E21D73B96F1}.Debug|iPhone.Build.0 = Debug|iPhone
		{F0F8D819-616C-4345-8D40-5E21D73B96F1}.Debug|iPhoneSimulator.ActiveCfg = Debug|iPhoneSimulator
		{F0F8D819-616C-4345-8D40-5E21D73B96F1}.Debug|iPhoneSimulator.Build.0 = Debug|iPhoneSimulator
		{F0F8D819-616C-4345-8D40-5E21D73B96F1}.Debug|x64.ActiveCfg = Debug|iPhone
		{F0F8D819-616C-4345-8D40-5E21D73B96F1}.Debug|x86.ActiveCfg = Debug|iPhone
		{F0F8D819-616C-4345-8D40-5E21D73B96F1}.Release|Any CPU.ActiveCfg = Release|iPhone
		{F0F8D819-616C-4345-8D40-5E21D73B96F1}.Release|ARM.ActiveCfg = Release|iPhone
		{F0F8D819-616C-4345-8D40-5E21D73B96F1}.Release|iPhone.ActiveCfg = Release|iPhone
		{F0F8D819-616C-4345-8D40-5E21D73B96F1}.Release|iPhone.Build.0 = Release|iPhone
		{F0F8D819-616C-4345-8D40-5E21D73B96F1}.Release|iPhoneSimulator.ActiveCfg = Release|iPhoneSimulator
		{F0F8D819-616C-4345-8D40-5E21D73B96F1}.Release|iPhoneSimulator.Build.0 = Release|iPhoneSimulator
		{F0F8D819-616C-4345-8D40-5E21D73B96F1}.Release|x64.ActiveCfg = Release|iPhone
		{F0F8D819-616C-4345-8D40-5E21D73B96F1}.Release|x86.ActiveCfg = Release|iPhone
		{93E8FBDD-5460-4DCA-82F2-1A4D4AD717ED}.Ad-Hoc|Any CPU.ActiveCfg = Release|Any CPU
		{93E8FBDD-5460-4DCA-82F2-1A4D4AD717ED}.Ad-Hoc|Any CPU.Build.0 = Release|Any CPU
		{93E8FBDD-5460-4DCA-82F2-1A4D4AD717ED}.Ad-Hoc|ARM.ActiveCfg = Release|Any CPU
		{93E8FBDD-5460-4DCA-82F2-1A4D4AD717ED}.Ad-Hoc|ARM.Build.0 = Release|Any CPU
		{93E8FBDD-5460-4DCA-82F2-1A4D4AD717ED}.Ad-Hoc|iPhone.ActiveCfg = Release|Any CPU
		{93E8FBDD-5460-4DCA-82F2-1A4D4AD717ED}.Ad-Hoc|iPhone.Build.0 = Release|Any CPU
		{93E8FBDD-5460-4DCA-82F2-1A4D4AD717ED}.Ad-Hoc|iPhoneSimulator.ActiveCfg = Release|Any CPU
		{93E8FBDD-5460-4DCA-82F2-1A4D4AD717ED}.Ad-Hoc|iPhoneSimulator.Build.0 = Release|Any CPU
		{93E8FBDD-5460-4DCA-82F2-1A4D4AD717ED}.Ad-Hoc|x64.ActiveCfg = Release|Any CPU
		{93E8FBDD-5460-4DCA-82F2-1A4D4AD717ED}.Ad-Hoc|x64.Build.0 = Release|Any CPU
		{93E8FBDD-5460-4DCA-82F2-1A4D4AD717ED}.Ad-Hoc|x86.ActiveCfg = Release|Any CPU
		{93E8FBDD-5460-4DCA-82F2-1A4D4AD717ED}.Ad-Hoc|x86.Build.0 = Release|Any CPU
		{93E8FBDD-5460-4DCA-82F2-1A4D4AD717ED}.AppStore|Any CPU.ActiveCfg = Release|Any CPU
		{93E8FBDD-5460-4DCA-82F2-1A4D4AD717ED}.AppStore|Any CPU.Build.0 = Release|Any CPU
		{93E8FBDD-5460-4DCA-82F2-1A4D4AD717ED}.AppStore|ARM.ActiveCfg = Release|Any CPU
		{93E8FBDD-5460-4DCA-82F2-1A4D4AD717ED}.AppStore|ARM.Build.0 = Release|Any CPU
		{93E8FBDD-5460-4DCA-82F2-1A4D4AD717ED}.AppStore|iPhone.ActiveCfg = Release|Any CPU
		{93E8FBDD-5460-4DCA-82F2-1A4D4AD717ED}.AppStore|iPhone.Build.0 = Release|Any CPU
		{93E8FBDD-5460-4DCA-82F2-1A4D4AD717ED}.AppStore|iPhoneSimulator.ActiveCfg = Release|Any CPU
		{93E8FBDD-5460-4DCA-82F2-1A4D4AD717ED}.AppStore|iPhoneSimulator.Build.0 = Release|Any CPU
		{93E8FBDD-5460-4DCA-82F2-1A4D4AD717ED}.AppStore|x64.ActiveCfg = Release|Any CPU
		{93E8FBDD-5460-4DCA-82F2-1A4D4AD717ED}.AppStore|x64.Build.0 = Release|Any CPU
		{93E8FBDD-5460-4DCA-82F2-1A4D4AD717ED}.AppStore|x86.ActiveCfg = Release|Any CPU
		{93E8FBDD-5460-4DCA-82F2-1A4D4AD717ED}.AppStore|x86.Build.0 = Release|Any CPU
		{93E8FBDD-5460-4DCA-82F2-1A4D4AD717ED}.Debug|Any CPU.ActiveCfg = Debug|Any CPU
		{93E8FBDD-5460-4DCA-82F2-1A4D4AD717ED}.Debug|Any CPU.Build.0 = Debug|Any CPU
		{93E8FBDD-5460-4DCA-82F2-1A4D4AD717ED}.Debug|ARM.ActiveCfg = Debug|Any CPU
		{93E8FBDD-5460-4DCA-82F2-1A4D4AD717ED}.Debug|ARM.Build.0 = Debug|Any CPU
		{93E8FBDD-5460-4DCA-82F2-1A4D4AD717ED}.Debug|iPhone.ActiveCfg = Debug|Any CPU
		{93E8FBDD-5460-4DCA-82F2-1A4D4AD717ED}.Debug|iPhone.Build.0 = Debug|Any CPU
		{93E8FBDD-5460-4DCA-82F2-1A4D4AD717ED}.Debug|iPhoneSimulator.ActiveCfg = Debug|Any CPU
		{93E8FBDD-5460-4DCA-82F2-1A4D4AD717ED}.Debug|iPhoneSimulator.Build.0 = Debug|Any CPU
		{93E8FBDD-5460-4DCA-82F2-1A4D4AD717ED}.Debug|x64.ActiveCfg = Debug|Any CPU
		{93E8FBDD-5460-4DCA-82F2-1A4D4AD717ED}.Debug|x64.Build.0 = Debug|Any CPU
		{93E8FBDD-5460-4DCA-82F2-1A4D4AD717ED}.Debug|x86.ActiveCfg = Debug|Any CPU
		{93E8FBDD-5460-4DCA-82F2-1A4D4AD717ED}.Debug|x86.Build.0 = Debug|Any CPU
		{93E8FBDD-5460-4DCA-82F2-1A4D4AD717ED}.Release|Any CPU.ActiveCfg = Release|Any CPU
		{93E8FBDD-5460-4DCA-82F2-1A4D4AD717ED}.Release|Any CPU.Build.0 = Release|Any CPU
		{93E8FBDD-5460-4DCA-82F2-1A4D4AD717ED}.Release|ARM.ActiveCfg = Release|Any CPU
		{93E8FBDD-5460-4DCA-82F2-1A4D4AD717ED}.Release|ARM.Build.0 = Release|Any CPU
		{93E8FBDD-5460-4DCA-82F2-1A4D4AD717ED}.Release|iPhone.ActiveCfg = Release|Any CPU
		{93E8FBDD-5460-4DCA-82F2-1A4D4AD717ED}.Release|iPhone.Build.0 = Release|Any CPU
		{93E8FBDD-5460-4DCA-82F2-1A4D4AD717ED}.Release|iPhoneSimulator.ActiveCfg = Release|Any CPU
		{93E8FBDD-5460-4DCA-82F2-1A4D4AD717ED}.Release|iPhoneSimulator.Build.0 = Release|Any CPU
		{93E8FBDD-5460-4DCA-82F2-1A4D4AD717ED}.Release|x64.ActiveCfg = Release|Any CPU
		{93E8FBDD-5460-4DCA-82F2-1A4D4AD717ED}.Release|x64.Build.0 = Release|Any CPU
		{93E8FBDD-5460-4DCA-82F2-1A4D4AD717ED}.Release|x86.ActiveCfg = Release|Any CPU
		{93E8FBDD-5460-4DCA-82F2-1A4D4AD717ED}.Release|x86.Build.0 = Release|Any CPU
	EndGlobalSection
	GlobalSection(SolutionProperties) = preSolution
		HideSolutionNode = FALSE
	EndGlobalSection
EndGlobal
