
Microsoft Visual Studio Solution File, Format Version 12.00
# Visual Studio 14
VisualStudioVersion = 14.0.25420.1
MinimumVisualStudioVersion = 10.0.40219.1
Project("{FAE04EC0-301F-11D3-BF4B-00C04F79EFBC}") = "Phoneword.Droid", "Phoneword\Phoneword.Droid\Phoneword.Droid.csproj", "{A1CACCEC-4380-4BF7-AF25-D4ED6499B67A}"
EndProject
Project("{FAE04EC0-301F-11D3-BF4B-00C04F79EFBC}") = "Phoneword.iOS", "Phoneword\Phoneword.iOS\Phoneword.iOS.csproj", "{589F1599-E0CE-4B3E-9BE7-E7F1EF8BF757}"
EndProject
Project("{FAE04EC0-301F-11D3-BF4B-00C04F79EFBC}") = "Phoneword.WinPhone", "Phoneword\Phoneword.WinPhone\Phoneword.WinPhone.csproj", "{99C6C2E4-FE65-40D9-86D2-97F3044EF18A}"
EndProject
Project("{FAE04EC0-301F-11D3-BF4B-00C04F79EFBC}") = "Phoneword.Windows", "Phoneword\Phoneword.Windows\Phoneword.Windows.csproj", "{8FC4B742-9C4D-4E99-AE5A-BACD7AC5550C}"
EndProject
Project("{FAE04EC0-301F-11D3-BF4B-00C04F79EFBC}") = "Phoneword", "Phoneword\Phoneword\Phoneword.csproj", "{C12C59EA-FC86-43D3-A266-301FF9276C3D}"
EndProject
Global
	GlobalSection(SolutionConfigurationPlatforms) = preSolution
		Ad-Hoc|Any CPU = Ad-Hoc|Any CPU
		Ad-Hoc|ARM = Ad-Hoc|ARM
		Ad-Hoc|iPhone = Ad-Hoc|iPhone
		Ad-Hoc|iPhoneSimulator = Ad-Hoc|iPhoneSimulator
		Ad-Hoc|x64 = Ad-Hoc|x64
		Ad-Hoc|x86 = Ad-Hoc|x86
		AppStore|Any CPU = AppStore|Any CPU
		AppStore|ARM = AppStore|ARM
		AppStore|iPhone = AppStore|iPhone
		AppStore|iPhoneSimulator = AppStore|iPhoneSimulator
		AppStore|x64 = AppStore|x64
		AppStore|x86 = AppStore|x86
		Debug|Any CPU = Debug|Any CPU
		Debug|ARM = Debug|ARM
		Debug|iPhone = Debug|iPhone
		Debug|iPhoneSimulator = Debug|iPhoneSimulator
		Debug|x64 = Debug|x64
		Debug|x86 = Debug|x86
		Release|Any CPU = Release|Any CPU
		Release|ARM = Release|ARM
		Release|iPhone = Release|iPhone
		Release|iPhoneSimulator = Release|iPhoneSimulator
		Release|x64 = Release|x64
		Release|x86 = Release|x86
	EndGlobalSection
	GlobalSection(ProjectConfigurationPlatforms) = postSolution
		{A1CACCEC-4380-4BF7-AF25-D4ED6499B67A}.Ad-Hoc|Any CPU.ActiveCfg = Release|Any CPU
		{A1CACCEC-4380-4BF7-AF25-D4ED6499B67A}.Ad-Hoc|Any CPU.Build.0 = Release|Any CPU
		{A1CACCEC-4380-4BF7-AF25-D4ED6499B67A}.Ad-Hoc|Any CPU.Deploy.0 = Release|Any CPU
		{A1CACCEC-4380-4BF7-AF25-D4ED6499B67A}.Ad-Hoc|ARM.ActiveCfg = Release|Any CPU
		{A1CACCEC-4380-4BF7-AF25-D4ED6499B67A}.Ad-Hoc|ARM.Build.0 = Release|Any CPU
		{A1CACCEC-4380-4BF7-AF25-D4ED6499B67A}.Ad-Hoc|ARM.Deploy.0 = Release|Any CPU
		{A1CACCEC-4380-4BF7-AF25-D4ED6499B67A}.Ad-Hoc|iPhone.ActiveCfg = Release|Any CPU
		{A1CACCEC-4380-4BF7-AF25-D4ED6499B67A}.Ad-Hoc|iPhone.Build.0 = Release|Any CPU
		{A1CACCEC-4380-4BF7-AF25-D4ED6499B67A}.Ad-Hoc|iPhone.Deploy.0 = Release|Any CPU
		{A1CACCEC-4380-4BF7-AF25-D4ED6499B67A}.Ad-Hoc|iPhoneSimulator.ActiveCfg = Release|Any CPU
		{A1CACCEC-4380-4BF7-AF25-D4ED6499B67A}.Ad-Hoc|iPhoneSimulator.Build.0 = Release|Any CPU
		{A1CACCEC-4380-4BF7-AF25-D4ED6499B67A}.Ad-Hoc|iPhoneSimulator.Deploy.0 = Release|Any CPU
		{A1CACCEC-4380-4BF7-AF25-D4ED6499B67A}.Ad-Hoc|x64.ActiveCfg = Release|Any CPU
		{A1CACCEC-4380-4BF7-AF25-D4ED6499B67A}.Ad-Hoc|x64.Build.0 = Release|Any CPU
		{A1CACCEC-4380-4BF7-AF25-D4ED6499B67A}.Ad-Hoc|x64.Deploy.0 = Release|Any CPU
		{A1CACCEC-4380-4BF7-AF25-D4ED6499B67A}.Ad-Hoc|x86.ActiveCfg = Release|Any CPU
		{A1CACCEC-4380-4BF7-AF25-D4ED6499B67A}.Ad-Hoc|x86.Build.0 = Release|Any CPU
		{A1CACCEC-4380-4BF7-AF25-D4ED6499B67A}.Ad-Hoc|x86.Deploy.0 = Release|Any CPU
		{A1CACCEC-4380-4BF7-AF25-D4ED6499B67A}.AppStore|Any CPU.ActiveCfg = Release|Any CPU
		{A1CACCEC-4380-4BF7-AF25-D4ED6499B67A}.AppStore|Any CPU.Build.0 = Release|Any CPU
		{A1CACCEC-4380-4BF7-AF25-D4ED6499B67A}.AppStore|Any CPU.Deploy.0 = Release|Any CPU
		{A1CACCEC-4380-4BF7-AF25-D4ED6499B67A}.AppStore|ARM.ActiveCfg = Release|Any CPU
		{A1CACCEC-4380-4BF7-AF25-D4ED6499B67A}.AppStore|ARM.Build.0 = Release|Any CPU
		{A1CACCEC-4380-4BF7-AF25-D4ED6499B67A}.AppStore|ARM.Deploy.0 = Release|Any CPU
		{A1CACCEC-4380-4BF7-AF25-D4ED6499B67A}.AppStore|iPhone.ActiveCfg = Release|Any CPU
		{A1CACCEC-4380-4BF7-AF25-D4ED6499B67A}.AppStore|iPhone.Build.0 = Release|Any CPU
		{A1CACCEC-4380-4BF7-AF25-D4ED6499B67A}.AppStore|iPhone.Deploy.0 = Release|Any CPU
		{A1CACCEC-4380-4BF7-AF25-D4ED6499B67A}.AppStore|iPhoneSimulator.ActiveCfg = Release|Any CPU
		{A1CACCEC-4380-4BF7-AF25-D4ED6499B67A}.AppStore|iPhoneSimulator.Build.0 = Release|Any CPU
		{A1CACCEC-4380-4BF7-AF25-D4ED6499B67A}.AppStore|iPhoneSimulator.Deploy.0 = Release|Any CPU
		{A1CACCEC-4380-4BF7-AF25-D4ED6499B67A}.AppStore|x64.ActiveCfg = Release|Any CPU
		{A1CACCEC-4380-4BF7-AF25-D4ED6499B67A}.AppStore|x64.Build.0 = Release|Any CPU
		{A1CACCEC-4380-4BF7-AF25-D4ED6499B67A}.AppStore|x64.Deploy.0 = Release|Any CPU
		{A1CACCEC-4380-4BF7-AF25-D4ED6499B67A}.AppStore|x86.ActiveCfg = Release|Any CPU
		{A1CACCEC-4380-4BF7-AF25-D4ED6499B67A}.AppStore|x86.Build.0 = Release|Any CPU
		{A1CACCEC-4380-4BF7-AF25-D4ED6499B67A}.AppStore|x86.Deploy.0 = Release|Any CPU
		{A1CACCEC-4380-4BF7-AF25-D4ED6499B67A}.Debug|Any CPU.ActiveCfg = Debug|Any CPU
		{A1CACCEC-4380-4BF7-AF25-D4ED6499B67A}.Debug|Any CPU.Build.0 = Debug|Any CPU
		{A1CACCEC-4380-4BF7-AF25-D4ED6499B67A}.Debug|Any CPU.Deploy.0 = Debug|Any CPU
		{A1CACCEC-4380-4BF7-AF25-D4ED6499B67A}.Debug|ARM.ActiveCfg = Debug|Any CPU
		{A1CACCEC-4380-4BF7-AF25-D4ED6499B67A}.Debug|ARM.Build.0 = Debug|Any CPU
		{A1CACCEC-4380-4BF7-AF25-D4ED6499B67A}.Debug|ARM.Deploy.0 = Debug|Any CPU
		{A1CACCEC-4380-4BF7-AF25-D4ED6499B67A}.Debug|iPhone.ActiveCfg = Debug|Any CPU
		{A1CACCEC-4380-4BF7-AF25-D4ED6499B67A}.Debug|iPhone.Build.0 = Debug|Any CPU
		{A1CACCEC-4380-4BF7-AF25-D4ED6499B67A}.Debug|iPhone.Deploy.0 = Debug|Any CPU
		{A1CACCEC-4380-4BF7-AF25-D4ED6499B67A}.Debug|iPhoneSimulator.ActiveCfg = Debug|Any CPU
		{A1CACCEC-4380-4BF7-AF25-D4ED6499B67A}.Debug|iPhoneSimulator.Build.0 = Debug|Any CPU
		{A1CACCEC-4380-4BF7-AF25-D4ED6499B67A}.Debug|iPhoneSimulator.Deploy.0 = Debug|Any CPU
		{A1CACCEC-4380-4BF7-AF25-D4ED6499B67A}.Debug|x64.ActiveCfg = Debug|Any CPU
		{A1CACCEC-4380-4BF7-AF25-D4ED6499B67A}.Debug|x64.Build.0 = Debug|Any CPU
		{A1CACCEC-4380-4BF7-AF25-D4ED6499B67A}.Debug|x64.Deploy.0 = Debug|Any CPU
		{A1CACCEC-4380-4BF7-AF25-D4ED6499B67A}.Debug|x86.ActiveCfg = Debug|Any CPU
		{A1CACCEC-4380-4BF7-AF25-D4ED6499B67A}.Debug|x86.Build.0 = Debug|Any CPU
		{A1CACCEC-4380-4BF7-AF25-D4ED6499B67A}.Debug|x86.Deploy.0 = Debug|Any CPU
		{A1CACCEC-4380-4BF7-AF25-D4ED6499B67A}.Release|Any CPU.ActiveCfg = Release|Any CPU
		{A1CACCEC-4380-4BF7-AF25-D4ED6499B67A}.Release|Any CPU.Build.0 = Release|Any CPU
		{A1CACCEC-4380-4BF7-AF25-D4ED6499B67A}.Release|Any CPU.Deploy.0 = Release|Any CPU
		{A1CACCEC-4380-4BF7-AF25-D4ED6499B67A}.Release|ARM.ActiveCfg = Release|Any CPU
		{A1CACCEC-4380-4BF7-AF25-D4ED6499B67A}.Release|ARM.Build.0 = Release|Any CPU
		{A1CACCEC-4380-4BF7-AF25-D4ED6499B67A}.Release|ARM.Deploy.0 = Release|Any CPU
		{A1CACCEC-4380-4BF7-AF25-D4ED6499B67A}.Release|iPhone.ActiveCfg = Release|Any CPU
		{A1CACCEC-4380-4BF7-AF25-D4ED6499B67A}.Release|iPhone.Build.0 = Release|Any CPU
		{A1CACCEC-4380-4BF7-AF25-D4ED6499B67A}.Release|iPhone.Deploy.0 = Release|Any CPU
		{A1CACCEC-4380-4BF7-AF25-D4ED6499B67A}.Release|iPhoneSimulator.ActiveCfg = Release|Any CPU
		{A1CACCEC-4380-4BF7-AF25-D4ED6499B67A}.Release|iPhoneSimulator.Build.0 = Release|Any CPU
		{A1CACCEC-4380-4BF7-AF25-D4ED6499B67A}.Release|iPhoneSimulator.Deploy.0 = Release|Any CPU
		{A1CACCEC-4380-4BF7-AF25-D4ED6499B67A}.Release|x64.ActiveCfg = Release|Any CPU
		{A1CACCEC-4380-4BF7-AF25-D4ED6499B67A}.Release|x64.Build.0 = Release|Any CPU
		{A1CACCEC-4380-4BF7-AF25-D4ED6499B67A}.Release|x64.Deploy.0 = Release|Any CPU
		{A1CACCEC-4380-4BF7-AF25-D4ED6499B67A}.Release|x86.ActiveCfg = Release|Any CPU
		{A1CACCEC-4380-4BF7-AF25-D4ED6499B67A}.Release|x86.Build.0 = Release|Any CPU
		{A1CACCEC-4380-4BF7-AF25-D4ED6499B67A}.Release|x86.Deploy.0 = Release|Any CPU
		{589F1599-E0CE-4B3E-9BE7-E7F1EF8BF757}.Ad-Hoc|Any CPU.ActiveCfg = Ad-Hoc|iPhone
		{589F1599-E0CE-4B3E-9BE7-E7F1EF8BF757}.Ad-Hoc|ARM.ActiveCfg = Ad-Hoc|iPhone
		{589F1599-E0CE-4B3E-9BE7-E7F1EF8BF757}.Ad-Hoc|iPhone.ActiveCfg = Ad-Hoc|iPhone
		{589F1599-E0CE-4B3E-9BE7-E7F1EF8BF757}.Ad-Hoc|iPhone.Build.0 = Ad-Hoc|iPhone
		{589F1599-E0CE-4B3E-9BE7-E7F1EF8BF757}.Ad-Hoc|iPhoneSimulator.ActiveCfg = Ad-Hoc|iPhoneSimulator
		{589F1599-E0CE-4B3E-9BE7-E7F1EF8BF757}.Ad-Hoc|iPhoneSimulator.Build.0 = Ad-Hoc|iPhoneSimulator
		{589F1599-E0CE-4B3E-9BE7-E7F1EF8BF757}.Ad-Hoc|x64.ActiveCfg = Ad-Hoc|iPhone
		{589F1599-E0CE-4B3E-9BE7-E7F1EF8BF757}.Ad-Hoc|x86.ActiveCfg = Ad-Hoc|iPhone
		{589F1599-E0CE-4B3E-9BE7-E7F1EF8BF757}.AppStore|Any CPU.ActiveCfg = AppStore|iPhone
		{589F1599-E0CE-4B3E-9BE7-E7F1EF8BF757}.AppStore|ARM.ActiveCfg = AppStore|iPhone
		{589F1599-E0CE-4B3E-9BE7-E7F1EF8BF757}.AppStore|iPhone.ActiveCfg = AppStore|iPhone
		{589F1599-E0CE-4B3E-9BE7-E7F1EF8BF757}.AppStore|iPhone.Build.0 = AppStore|iPhone
		{589F1599-E0CE-4B3E-9BE7-E7F1EF8BF757}.AppStore|iPhoneSimulator.ActiveCfg = AppStore|iPhoneSimulator
		{589F1599-E0CE-4B3E-9BE7-E7F1EF8BF757}.AppStore|iPhoneSimulator.Build.0 = AppStore|iPhoneSimulator
		{589F1599-E0CE-4B3E-9BE7-E7F1EF8BF757}.AppStore|x64.ActiveCfg = AppStore|iPhone
		{589F1599-E0CE-4B3E-9BE7-E7F1EF8BF757}.AppStore|x86.ActiveCfg = AppStore|iPhone
		{589F1599-E0CE-4B3E-9BE7-E7F1EF8BF757}.Debug|Any CPU.ActiveCfg = Debug|iPhone
		{589F1599-E0CE-4B3E-9BE7-E7F1EF8BF757}.Debug|ARM.ActiveCfg = Debug|iPhone
		{589F1599-E0CE-4B3E-9BE7-E7F1EF8BF757}.Debug|iPhone.ActiveCfg = Debug|iPhone
		{589F1599-E0CE-4B3E-9BE7-E7F1EF8BF757}.Debug|iPhone.Build.0 = Debug|iPhone
		{589F1599-E0CE-4B3E-9BE7-E7F1EF8BF757}.Debug|iPhoneSimulator.ActiveCfg = Debug|iPhoneSimulator
		{589F1599-E0CE-4B3E-9BE7-E7F1EF8BF757}.Debug|iPhoneSimulator.Build.0 = Debug|iPhoneSimulator
		{589F1599-E0CE-4B3E-9BE7-E7F1EF8BF757}.Debug|x64.ActiveCfg = Debug|iPhone
		{589F1599-E0CE-4B3E-9BE7-E7F1EF8BF757}.Debug|x86.ActiveCfg = Debug|iPhone
		{589F1599-E0CE-4B3E-9BE7-E7F1EF8BF757}.Release|Any CPU.ActiveCfg = Release|iPhone
		{589F1599-E0CE-4B3E-9BE7-E7F1EF8BF757}.Release|ARM.ActiveCfg = Release|iPhone
		{589F1599-E0CE-4B3E-9BE7-E7F1EF8BF757}.Release|iPhone.ActiveCfg = Release|iPhone
		{589F1599-E0CE-4B3E-9BE7-E7F1EF8BF757}.Release|iPhone.Build.0 = Release|iPhone
		{589F1599-E0CE-4B3E-9BE7-E7F1EF8BF757}.Release|iPhoneSimulator.ActiveCfg = Release|iPhoneSimulator
		{589F1599-E0CE-4B3E-9BE7-E7F1EF8BF757}.Release|iPhoneSimulator.Build.0 = Release|iPhoneSimulator
		{589F1599-E0CE-4B3E-9BE7-E7F1EF8BF757}.Release|x64.ActiveCfg = Release|iPhone
		{589F1599-E0CE-4B3E-9BE7-E7F1EF8BF757}.Release|x86.ActiveCfg = Release|iPhone
		{99C6C2E4-FE65-40D9-86D2-97F3044EF18A}.Ad-Hoc|Any CPU.ActiveCfg = Release|Any CPU
		{99C6C2E4-FE65-40D9-86D2-97F3044EF18A}.Ad-Hoc|Any CPU.Build.0 = Release|Any CPU
		{99C6C2E4-FE65-40D9-86D2-97F3044EF18A}.Ad-Hoc|Any CPU.Deploy.0 = Release|Any CPU
		{99C6C2E4-FE65-40D9-86D2-97F3044EF18A}.Ad-Hoc|ARM.ActiveCfg = Release|ARM
		{99C6C2E4-FE65-40D9-86D2-97F3044EF18A}.Ad-Hoc|ARM.Build.0 = Release|ARM
		{99C6C2E4-FE65-40D9-86D2-97F3044EF18A}.Ad-Hoc|ARM.Deploy.0 = Release|ARM
		{99C6C2E4-FE65-40D9-86D2-97F3044EF18A}.Ad-Hoc|iPhone.ActiveCfg = Release|Any CPU
		{99C6C2E4-FE65-40D9-86D2-97F3044EF18A}.Ad-Hoc|iPhone.Build.0 = Release|Any CPU
		{99C6C2E4-FE65-40D9-86D2-97F3044EF18A}.Ad-Hoc|iPhone.Deploy.0 = Release|Any CPU
		{99C6C2E4-FE65-40D9-86D2-97F3044EF18A}.Ad-Hoc|iPhoneSimulator.ActiveCfg = Release|Any CPU
		{99C6C2E4-FE65-40D9-86D2-97F3044EF18A}.Ad-Hoc|iPhoneSimulator.Build.0 = Release|Any CPU
		{99C6C2E4-FE65-40D9-86D2-97F3044EF18A}.Ad-Hoc|iPhoneSimulator.Deploy.0 = Release|Any CPU
		{99C6C2E4-FE65-40D9-86D2-97F3044EF18A}.Ad-Hoc|x64.ActiveCfg = Release|Any CPU
		{99C6C2E4-FE65-40D9-86D2-97F3044EF18A}.Ad-Hoc|x64.Build.0 = Release|Any CPU
		{99C6C2E4-FE65-40D9-86D2-97F3044EF18A}.Ad-Hoc|x64.Deploy.0 = Release|Any CPU
		{99C6C2E4-FE65-40D9-86D2-97F3044EF18A}.Ad-Hoc|x86.ActiveCfg = Release|x86
		{99C6C2E4-FE65-40D9-86D2-97F3044EF18A}.Ad-Hoc|x86.Build.0 = Release|x86
		{99C6C2E4-FE65-40D9-86D2-97F3044EF18A}.Ad-Hoc|x86.Deploy.0 = Release|x86
		{99C6C2E4-FE65-40D9-86D2-97F3044EF18A}.AppStore|Any CPU.ActiveCfg = Release|Any CPU
		{99C6C2E4-FE65-40D9-86D2-97F3044EF18A}.AppStore|Any CPU.Build.0 = Release|Any CPU
		{99C6C2E4-FE65-40D9-86D2-97F3044EF18A}.AppStore|Any CPU.Deploy.0 = Release|Any CPU
		{99C6C2E4-FE65-40D9-86D2-97F3044EF18A}.AppStore|ARM.ActiveCfg = Release|ARM
		{99C6C2E4-FE65-40D9-86D2-97F3044EF18A}.AppStore|ARM.Build.0 = Release|ARM
		{99C6C2E4-FE65-40D9-86D2-97F3044EF18A}.AppStore|ARM.Deploy.0 = Release|ARM
		{99C6C2E4-FE65-40D9-86D2-97F3044EF18A}.AppStore|iPhone.ActiveCfg = Release|Any CPU
		{99C6C2E4-FE65-40D9-86D2-97F3044EF18A}.AppStore|iPhone.Build.0 = Release|Any CPU
		{99C6C2E4-FE65-40D9-86D2-97F3044EF18A}.AppStore|iPhone.Deploy.0 = Release|Any CPU
		{99C6C2E4-FE65-40D9-86D2-97F3044EF18A}.AppStore|iPhoneSimulator.ActiveCfg = Release|Any CPU
		{99C6C2E4-FE65-40D9-86D2-97F3044EF18A}.AppStore|iPhoneSimulator.Build.0 = Release|Any CPU
		{99C6C2E4-FE65-40D9-86D2-97F3044EF18A}.AppStore|iPhoneSimulator.Deploy.0 = Release|Any CPU
		{99C6C2E4-FE65-40D9-86D2-97F3044EF18A}.AppStore|x64.ActiveCfg = Release|Any CPU
		{99C6C2E4-FE65-40D9-86D2-97F3044EF18A}.AppStore|x64.Build.0 = Release|Any CPU
		{99C6C2E4-FE65-40D9-86D2-97F3044EF18A}.AppStore|x64.Deploy.0 = Release|Any CPU
		{99C6C2E4-FE65-40D9-86D2-97F3044EF18A}.AppStore|x86.ActiveCfg = Release|x86
		{99C6C2E4-FE65-40D9-86D2-97F3044EF18A}.AppStore|x86.Build.0 = Release|x86
		{99C6C2E4-FE65-40D9-86D2-97F3044EF18A}.AppStore|x86.Deploy.0 = Release|x86
		{99C6C2E4-FE65-40D9-86D2-97F3044EF18A}.Debug|Any CPU.ActiveCfg = Debug|Any CPU
		{99C6C2E4-FE65-40D9-86D2-97F3044EF18A}.Debug|Any CPU.Build.0 = Debug|Any CPU
		{99C6C2E4-FE65-40D9-86D2-97F3044EF18A}.Debug|Any CPU.Deploy.0 = Debug|Any CPU
		{99C6C2E4-FE65-40D9-86D2-97F3044EF18A}.Debug|ARM.ActiveCfg = Debug|ARM
		{99C6C2E4-FE65-40D9-86D2-97F3044EF18A}.Debug|ARM.Build.0 = Debug|ARM
		{99C6C2E4-FE65-40D9-86D2-97F3044EF18A}.Debug|ARM.Deploy.0 = Debug|ARM
		{99C6C2E4-FE65-40D9-86D2-97F3044EF18A}.Debug|iPhone.ActiveCfg = Debug|Any CPU
		{99C6C2E4-FE65-40D9-86D2-97F3044EF18A}.Debug|iPhone.Build.0 = Debug|Any CPU
		{99C6C2E4-FE65-40D9-86D2-97F3044EF18A}.Debug|iPhone.Deploy.0 = Debug|Any CPU
		{99C6C2E4-FE65-40D9-86D2-97F3044EF18A}.Debug|iPhoneSimulator.ActiveCfg = Debug|Any CPU
		{99C6C2E4-FE65-40D9-86D2-97F3044EF18A}.Debug|iPhoneSimulator.Build.0 = Debug|Any CPU
		{99C6C2E4-FE65-40D9-86D2-97F3044EF18A}.Debug|iPhoneSimulator.Deploy.0 = Debug|Any CPU
		{99C6C2E4-FE65-40D9-86D2-97F3044EF18A}.Debug|x64.ActiveCfg = Debug|Any CPU
		{99C6C2E4-FE65-40D9-86D2-97F3044EF18A}.Debug|x64.Build.0 = Debug|Any CPU
		{99C6C2E4-FE65-40D9-86D2-97F3044EF18A}.Debug|x64.Deploy.0 = Debug|Any CPU
		{99C6C2E4-FE65-40D9-86D2-97F3044EF18A}.Debug|x86.ActiveCfg = Debug|x86
		{99C6C2E4-FE65-40D9-86D2-97F3044EF18A}.Debug|x86.Build.0 = Debug|x86
		{99C6C2E4-FE65-40D9-86D2-97F3044EF18A}.Debug|x86.Deploy.0 = Debug|x86
		{99C6C2E4-FE65-40D9-86D2-97F3044EF18A}.Release|Any CPU.ActiveCfg = Release|Any CPU
		{99C6C2E4-FE65-40D9-86D2-97F3044EF18A}.Release|Any CPU.Build.0 = Release|Any CPU
		{99C6C2E4-FE65-40D9-86D2-97F3044EF18A}.Release|Any CPU.Deploy.0 = Release|Any CPU
		{99C6C2E4-FE65-40D9-86D2-97F3044EF18A}.Release|ARM.ActiveCfg = Release|ARM
		{99C6C2E4-FE65-40D9-86D2-97F3044EF18A}.Release|ARM.Build.0 = Release|ARM
		{99C6C2E4-FE65-40D9-86D2-97F3044EF18A}.Release|ARM.Deploy.0 = Release|ARM
		{99C6C2E4-FE65-40D9-86D2-97F3044EF18A}.Release|iPhone.ActiveCfg = Release|Any CPU
		{99C6C2E4-FE65-40D9-86D2-97F3044EF18A}.Release|iPhone.Build.0 = Release|Any CPU
		{99C6C2E4-FE65-40D9-86D2-97F3044EF18A}.Release|iPhone.Deploy.0 = Release|Any CPU
		{99C6C2E4-FE65-40D9-86D2-97F3044EF18A}.Release|iPhoneSimulator.ActiveCfg = Release|Any CPU
		{99C6C2E4-FE65-40D9-86D2-97F3044EF18A}.Release|iPhoneSimulator.Build.0 = Release|Any CPU
		{99C6C2E4-FE65-40D9-86D2-97F3044EF18A}.Release|iPhoneSimulator.Deploy.0 = Release|Any CPU
		{99C6C2E4-FE65-40D9-86D2-97F3044EF18A}.Release|x64.ActiveCfg = Release|Any CPU
		{99C6C2E4-FE65-40D9-86D2-97F3044EF18A}.Release|x64.Build.0 = Release|Any CPU
		{99C6C2E4-FE65-40D9-86D2-97F3044EF18A}.Release|x64.Deploy.0 = Release|Any CPU
		{99C6C2E4-FE65-40D9-86D2-97F3044EF18A}.Release|x86.ActiveCfg = Release|x86
		{99C6C2E4-FE65-40D9-86D2-97F3044EF18A}.Release|x86.Build.0 = Release|x86
		{99C6C2E4-FE65-40D9-86D2-97F3044EF18A}.Release|x86.Deploy.0 = Release|x86
		{8FC4B742-9C4D-4E99-AE5A-BACD7AC5550C}.Ad-Hoc|Any CPU.ActiveCfg = Release|Any CPU
		{8FC4B742-9C4D-4E99-AE5A-BACD7AC5550C}.Ad-Hoc|Any CPU.Build.0 = Release|Any CPU
		{8FC4B742-9C4D-4E99-AE5A-BACD7AC5550C}.Ad-Hoc|Any CPU.Deploy.0 = Release|Any CPU
		{8FC4B742-9C4D-4E99-AE5A-BACD7AC5550C}.Ad-Hoc|ARM.ActiveCfg = Release|ARM
		{8FC4B742-9C4D-4E99-AE5A-BACD7AC5550C}.Ad-Hoc|ARM.Build.0 = Release|ARM
		{8FC4B742-9C4D-4E99-AE5A-BACD7AC5550C}.Ad-Hoc|ARM.Deploy.0 = Release|ARM
		{8FC4B742-9C4D-4E99-AE5A-BACD7AC5550C}.Ad-Hoc|iPhone.ActiveCfg = Release|Any CPU
		{8FC4B742-9C4D-4E99-AE5A-BACD7AC5550C}.Ad-Hoc|iPhone.Build.0 = Release|Any CPU
		{8FC4B742-9C4D-4E99-AE5A-BACD7AC5550C}.Ad-Hoc|iPhone.Deploy.0 = Release|Any CPU
		{8FC4B742-9C4D-4E99-AE5A-BACD7AC5550C}.Ad-Hoc|iPhoneSimulator.ActiveCfg = Release|Any CPU
		{8FC4B742-9C4D-4E99-AE5A-BACD7AC5550C}.Ad-Hoc|iPhoneSimulator.Build.0 = Release|Any CPU
		{8FC4B742-9C4D-4E99-AE5A-BACD7AC5550C}.Ad-Hoc|iPhoneSimulator.Deploy.0 = Release|Any CPU
		{8FC4B742-9C4D-4E99-AE5A-BACD7AC5550C}.Ad-Hoc|x64.ActiveCfg = Release|x64
		{8FC4B742-9C4D-4E99-AE5A-BACD7AC5550C}.Ad-Hoc|x64.Build.0 = Release|x64
		{8FC4B742-9C4D-4E99-AE5A-BACD7AC5550C}.Ad-Hoc|x64.Deploy.0 = Release|x64
		{8FC4B742-9C4D-4E99-AE5A-BACD7AC5550C}.Ad-Hoc|x86.ActiveCfg = Release|x86
		{8FC4B742-9C4D-4E99-AE5A-BACD7AC5550C}.Ad-Hoc|x86.Build.0 = Release|x86
		{8FC4B742-9C4D-4E99-AE5A-BACD7AC5550C}.Ad-Hoc|x86.Deploy.0 = Release|x86
		{8FC4B742-9C4D-4E99-AE5A-BACD7AC5550C}.AppStore|Any CPU.ActiveCfg = Release|Any CPU
		{8FC4B742-9C4D-4E99-AE5A-BACD7AC5550C}.AppStore|Any CPU.Build.0 = Release|Any CPU
		{8FC4B742-9C4D-4E99-AE5A-BACD7AC5550C}.AppStore|Any CPU.Deploy.0 = Release|Any CPU
		{8FC4B742-9C4D-4E99-AE5A-BACD7AC5550C}.AppStore|ARM.ActiveCfg = Release|ARM
		{8FC4B742-9C4D-4E99-AE5A-BACD7AC5550C}.AppStore|ARM.Build.0 = Release|ARM
		{8FC4B742-9C4D-4E99-AE5A-BACD7AC5550C}.AppStore|ARM.Deploy.0 = Release|ARM
		{8FC4B742-9C4D-4E99-AE5A-BACD7AC5550C}.AppStore|iPhone.ActiveCfg = Release|Any CPU
		{8FC4B742-9C4D-4E99-AE5A-BACD7AC5550C}.AppStore|iPhone.Build.0 = Release|Any CPU
		{8FC4B742-9C4D-4E99-AE5A-BACD7AC5550C}.AppStore|iPhone.Deploy.0 = Release|Any CPU
		{8FC4B742-9C4D-4E99-AE5A-BACD7AC5550C}.AppStore|iPhoneSimulator.ActiveCfg = Release|Any CPU
		{8FC4B742-9C4D-4E99-AE5A-BACD7AC5550C}.AppStore|iPhoneSimulator.Build.0 = Release|Any CPU
		{8FC4B742-9C4D-4E99-AE5A-BACD7AC5550C}.AppStore|iPhoneSimulator.Deploy.0 = Release|Any CPU
		{8FC4B742-9C4D-4E99-AE5A-BACD7AC5550C}.AppStore|x64.ActiveCfg = Release|x64
		{8FC4B742-9C4D-4E99-AE5A-BACD7AC5550C}.AppStore|x64.Build.0 = Release|x64
		{8FC4B742-9C4D-4E99-AE5A-BACD7AC5550C}.AppStore|x64.Deploy.0 = Release|x64
		{8FC4B742-9C4D-4E99-AE5A-BACD7AC5550C}.AppStore|x86.ActiveCfg = Release|x86
		{8FC4B742-9C4D-4E99-AE5A-BACD7AC5550C}.AppStore|x86.Build.0 = Release|x86
		{8FC4B742-9C4D-4E99-AE5A-BACD7AC5550C}.AppStore|x86.Deploy.0 = Release|x86
		{8FC4B742-9C4D-4E99-AE5A-BACD7AC5550C}.Debug|Any CPU.ActiveCfg = Debug|Any CPU
		{8FC4B742-9C4D-4E99-AE5A-BACD7AC5550C}.Debug|Any CPU.Build.0 = Debug|Any CPU
		{8FC4B742-9C4D-4E99-AE5A-BACD7AC5550C}.Debug|Any CPU.Deploy.0 = Debug|Any CPU
		{8FC4B742-9C4D-4E99-AE5A-BACD7AC5550C}.Debug|ARM.ActiveCfg = Debug|ARM
		{8FC4B742-9C4D-4E99-AE5A-BACD7AC5550C}.Debug|ARM.Build.0 = Debug|ARM
		{8FC4B742-9C4D-4E99-AE5A-BACD7AC5550C}.Debug|ARM.Deploy.0 = Debug|ARM
		{8FC4B742-9C4D-4E99-AE5A-BACD7AC5550C}.Debug|iPhone.ActiveCfg = Debug|Any CPU
		{8FC4B742-9C4D-4E99-AE5A-BACD7AC5550C}.Debug|iPhone.Build.0 = Debug|Any CPU
		{8FC4B742-9C4D-4E99-AE5A-BACD7AC5550C}.Debug|iPhone.Deploy.0 = Debug|Any CPU
		{8FC4B742-9C4D-4E99-AE5A-BACD7AC5550C}.Debug|iPhoneSimulator.ActiveCfg = Debug|Any CPU
		{8FC4B742-9C4D-4E99-AE5A-BACD7AC5550C}.Debug|iPhoneSimulator.Build.0 = Debug|Any CPU
		{8FC4B742-9C4D-4E99-AE5A-BACD7AC5550C}.Debug|iPhoneSimulator.Deploy.0 = Debug|Any CPU
		{8FC4B742-9C4D-4E99-AE5A-BACD7AC5550C}.Debug|x64.ActiveCfg = Debug|x64
		{8FC4B742-9C4D-4E99-AE5A-BACD7AC5550C}.Debug|x64.Build.0 = Debug|x64
		{8FC4B742-9C4D-4E99-AE5A-BACD7AC5550C}.Debug|x64.Deploy.0 = Debug|x64
		{8FC4B742-9C4D-4E99-AE5A-BACD7AC5550C}.Debug|x86.ActiveCfg = Debug|x86
		{8FC4B742-9C4D-4E99-AE5A-BACD7AC5550C}.Debug|x86.Build.0 = Debug|x86
		{8FC4B742-9C4D-4E99-AE5A-BACD7AC5550C}.Debug|x86.Deploy.0 = Debug|x86
		{8FC4B742-9C4D-4E99-AE5A-BACD7AC5550C}.Release|Any CPU.ActiveCfg = Release|Any CPU
		{8FC4B742-9C4D-4E99-AE5A-BACD7AC5550C}.Release|Any CPU.Build.0 = Release|Any CPU
		{8FC4B742-9C4D-4E99-AE5A-BACD7AC5550C}.Release|Any CPU.Deploy.0 = Release|Any CPU
		{8FC4B742-9C4D-4E99-AE5A-BACD7AC5550C}.Release|ARM.ActiveCfg = Release|ARM
		{8FC4B742-9C4D-4E99-AE5A-BACD7AC5550C}.Release|ARM.Build.0 = Release|ARM
		{8FC4B742-9C4D-4E99-AE5A-BACD7AC5550C}.Release|ARM.Deploy.0 = Release|ARM
		{8FC4B742-9C4D-4E99-AE5A-BACD7AC5550C}.Release|iPhone.ActiveCfg = Release|Any CPU
		{8FC4B742-9C4D-4E99-AE5A-BACD7AC5550C}.Release|iPhone.Build.0 = Release|Any CPU
		{8FC4B742-9C4D-4E99-AE5A-BACD7AC5550C}.Release|iPhone.Deploy.0 = Release|Any CPU
		{8FC4B742-9C4D-4E99-AE5A-BACD7AC5550C}.Release|iPhoneSimulator.ActiveCfg = Release|Any CPU
		{8FC4B742-9C4D-4E99-AE5A-BACD7AC5550C}.Release|iPhoneSimulator.Build.0 = Release|Any CPU
		{8FC4B742-9C4D-4E99-AE5A-BACD7AC5550C}.Release|iPhoneSimulator.Deploy.0 = Release|Any CPU
		{8FC4B742-9C4D-4E99-AE5A-BACD7AC5550C}.Release|x64.ActiveCfg = Release|x64
		{8FC4B742-9C4D-4E99-AE5A-BACD7AC5550C}.Release|x64.Build.0 = Release|x64
		{8FC4B742-9C4D-4E99-AE5A-BACD7AC5550C}.Release|x64.Deploy.0 = Release|x64
		{8FC4B742-9C4D-4E99-AE5A-BACD7AC5550C}.Release|x86.ActiveCfg = Release|x86
		{8FC4B742-9C4D-4E99-AE5A-BACD7AC5550C}.Release|x86.Build.0 = Release|x86
		{8FC4B742-9C4D-4E99-AE5A-BACD7AC5550C}.Release|x86.Deploy.0 = Release|x86
		{C12C59EA-FC86-43D3-A266-301FF9276C3D}.Ad-Hoc|Any CPU.ActiveCfg = Release|Any CPU
		{C12C59EA-FC86-43D3-A266-301FF9276C3D}.Ad-Hoc|Any CPU.Build.0 = Release|Any CPU
		{C12C59EA-FC86-43D3-A266-301FF9276C3D}.Ad-Hoc|ARM.ActiveCfg = Release|Any CPU
		{C12C59EA-FC86-43D3-A266-301FF9276C3D}.Ad-Hoc|ARM.Build.0 = Release|Any CPU
		{C12C59EA-FC86-43D3-A266-301FF9276C3D}.Ad-Hoc|iPhone.ActiveCfg = Release|Any CPU
		{C12C59EA-FC86-43D3-A266-301FF9276C3D}.Ad-Hoc|iPhone.Build.0 = Release|Any CPU
		{C12C59EA-FC86-43D3-A266-301FF9276C3D}.Ad-Hoc|iPhoneSimulator.ActiveCfg = Release|Any CPU
		{C12C59EA-FC86-43D3-A266-301FF9276C3D}.Ad-Hoc|iPhoneSimulator.Build.0 = Release|Any CPU
		{C12C59EA-FC86-43D3-A266-301FF9276C3D}.Ad-Hoc|x64.ActiveCfg = Release|Any CPU
		{C12C59EA-FC86-43D3-A266-301FF9276C3D}.Ad-Hoc|x64.Build.0 = Release|Any CPU
		{C12C59EA-FC86-43D3-A266-301FF9276C3D}.Ad-Hoc|x86.ActiveCfg = Release|Any CPU
		{C12C59EA-FC86-43D3-A266-301FF9276C3D}.Ad-Hoc|x86.Build.0 = Release|Any CPU
		{C12C59EA-FC86-43D3-A266-301FF9276C3D}.AppStore|Any CPU.ActiveCfg = Release|Any CPU
		{C12C59EA-FC86-43D3-A266-301FF9276C3D}.AppStore|Any CPU.Build.0 = Release|Any CPU
		{C12C59EA-FC86-43D3-A266-301FF9276C3D}.AppStore|ARM.ActiveCfg = Release|Any CPU
		{C12C59EA-FC86-43D3-A266-301FF9276C3D}.AppStore|ARM.Build.0 = Release|Any CPU
		{C12C59EA-FC86-43D3-A266-301FF9276C3D}.AppStore|iPhone.ActiveCfg = Release|Any CPU
		{C12C59EA-FC86-43D3-A266-301FF9276C3D}.AppStore|iPhone.Build.0 = Release|Any CPU
		{C12C59EA-FC86-43D3-A266-301FF9276C3D}.AppStore|iPhoneSimulator.ActiveCfg = Release|Any CPU
		{C12C59EA-FC86-43D3-A266-301FF9276C3D}.AppStore|iPhoneSimulator.Build.0 = Release|Any CPU
		{C12C59EA-FC86-43D3-A266-301FF9276C3D}.AppStore|x64.ActiveCfg = Release|Any CPU
		{C12C59EA-FC86-43D3-A266-301FF9276C3D}.AppStore|x64.Build.0 = Release|Any CPU
		{C12C59EA-FC86-43D3-A266-301FF9276C3D}.AppStore|x86.ActiveCfg = Release|Any CPU
		{C12C59EA-FC86-43D3-A266-301FF9276C3D}.AppStore|x86.Build.0 = Release|Any CPU
		{C12C59EA-FC86-43D3-A266-301FF9276C3D}.Debug|Any CPU.ActiveCfg = Debug|Any CPU
		{C12C59EA-FC86-43D3-A266-301FF9276C3D}.Debug|Any CPU.Build.0 = Debug|Any CPU
		{C12C59EA-FC86-43D3-A266-301FF9276C3D}.Debug|ARM.ActiveCfg = Debug|Any CPU
		{C12C59EA-FC86-43D3-A266-301FF9276C3D}.Debug|ARM.Build.0 = Debug|Any CPU
		{C12C59EA-FC86-43D3-A266-301FF9276C3D}.Debug|iPhone.ActiveCfg = Debug|Any CPU
		{C12C59EA-FC86-43D3-A266-301FF9276C3D}.Debug|iPhone.Build.0 = Debug|Any CPU
		{C12C59EA-FC86-43D3-A266-301FF9276C3D}.Debug|iPhoneSimulator.ActiveCfg = Debug|Any CPU
		{C12C59EA-FC86-43D3-A266-301FF9276C3D}.Debug|iPhoneSimulator.Build.0 = Debug|Any CPU
		{C12C59EA-FC86-43D3-A266-301FF9276C3D}.Debug|x64.ActiveCfg = Debug|Any CPU
		{C12C59EA-FC86-43D3-A266-301FF9276C3D}.Debug|x64.Build.0 = Debug|Any CPU
		{C12C59EA-FC86-43D3-A266-301FF9276C3D}.Debug|x86.ActiveCfg = Debug|Any CPU
		{C12C59EA-FC86-43D3-A266-301FF9276C3D}.Debug|x86.Build.0 = Debug|Any CPU
		{C12C59EA-FC86-43D3-A266-301FF9276C3D}.Release|Any CPU.ActiveCfg = Release|Any CPU
		{C12C59EA-FC86-43D3-A266-301FF9276C3D}.Release|Any CPU.Build.0 = Release|Any CPU
		{C12C59EA-FC86-43D3-A266-301FF9276C3D}.Release|ARM.ActiveCfg = Release|Any CPU
		{C12C59EA-FC86-43D3-A266-301FF9276C3D}.Release|ARM.Build.0 = Release|Any CPU
		{C12C59EA-FC86-43D3-A266-301FF9276C3D}.Release|iPhone.ActiveCfg = Release|Any CPU
		{C12C59EA-FC86-43D3-A266-301FF9276C3D}.Release|iPhone.Build.0 = Release|Any CPU
		{C12C59EA-FC86-43D3-A266-301FF9276C3D}.Release|iPhoneSimulator.ActiveCfg = Release|Any CPU
		{C12C59EA-FC86-43D3-A266-301FF9276C3D}.Release|iPhoneSimulator.Build.0 = Release|Any CPU
		{C12C59EA-FC86-43D3-A266-301FF9276C3D}.Release|x64.ActiveCfg = Release|Any CPU
		{C12C59EA-FC86-43D3-A266-301FF9276C3D}.Release|x64.Build.0 = Release|Any CPU
		{C12C59EA-FC86-43D3-A266-301FF9276C3D}.Release|x86.ActiveCfg = Release|Any CPU
		{C12C59EA-FC86-43D3-A266-301FF9276C3D}.Release|x86.Build.0 = Release|Any CPU
	EndGlobalSection
	GlobalSection(SolutionProperties) = preSolution
		HideSolutionNode = FALSE
	EndGlobalSection
EndGlobal
